PODS:
  - Alamofire (3.1.2)
  - APIKit (2.0.2):
    - Alamofire
    - BrightFutures
  - BrightFutures (3.1.2):
    - Result (= 0.6.0-beta.6)
  - LayoutKit (2.0.0)
  - QiitaKit (1.0.0):
    - APIKit
  - Result (0.6.0-beta.6)
  - RxBlocking (2.0.0-beta.2):
    - RxSwift (~> 2.0.0-beta)
  - RxCocoa (2.0.0-beta.2):
    - RxSwift (~> 2.0.0-beta)
  - RxSwift (2.0.0-beta.2)
  - ToysBoxKit (1.0.0)

DEPENDENCIES:
  - LayoutKit (from `https://github.com/sora0077/LayoutKit.git`, tag `v2.0.0`)
  - QiitaKit (from `../`)
  - RxBlocking (~> 2.0.0-beta)
  - RxCocoa (~> 2.0.0-beta)
  - RxSwift (~> 2.0.0-beta)
  - ToysBoxKit (from `https://github.com/sora0077/ToysBoxKit.git`, tag `1.0.0`)

EXTERNAL SOURCES:
  LayoutKit:
    :git: https://github.com/sora0077/LayoutKit.git
    :tag: v2.0.0
  QiitaKit:
    :path: ../
  ToysBoxKit:
    :git: https://github.com/sora0077/ToysBoxKit.git
    :tag: 1.0.0

CHECKOUT OPTIONS:
  LayoutKit:
    :git: https://github.com/sora0077/LayoutKit.git
    :tag: v2.0.0
  ToysBoxKit:
    :git: https://github.com/sora0077/ToysBoxKit.git
    :tag: 1.0.0

SPEC CHECKSUMS:
  Alamofire: 7c16ca65f3c7e681fd925fd7f2dec7747ff96855
  APIKit: ca5efaca0d3e9f116e0d754ac0deda9360f6215b
  BrightFutures: 6b4b299decee4c3775a9e7188d1ecec55262e09c
  LayoutKit: 539c73d8ef266d68f348cd1516f928d9e7460bd8
  QiitaKit: bba66bb339130ac8f2f93a4271625559560f257c
  Result: dc390d0b58f9ec43fcd536f1ebdd130803cc6cbc
  RxBlocking: ffb518856fb7712dcef7e18406ccb8c2854b3104
  RxCocoa: ee39aa3ab24a8dde3832669f8e1e2c7652925e0c
  RxSwift: 795720c22352cf1f62669ef3695b5df7e195103b
  ToysBoxKit: ed4857035935236d19ef6148be0f88c3bff8e4d6

COCOAPODS: 0.39.0
