PODS:
  - Alamofire (3.1.3)
  - APIKit (2.0.3):
    - Alamofire
    - BrightFutures
  - BrightFutures (3.1.2):
    - Result (= 0.6.0-beta.6)
  - Result (0.6.0-beta.6)

DEPENDENCIES:
  - APIKit

SPEC CHECKSUMS:
  Alamofire: 9f93b56389e48def9220dd57d1f44b1927229a5a
  APIKit: 086b443ef5a577106fef6c30bab1db2055d81896
  BrightFutures: 6b4b299decee4c3775a9e7188d1ecec55262e09c
  Result: dc390d0b58f9ec43fcd536f1ebdd130803cc6cbc

COCOAPODS: 0.39.0
