PODS:
  - Alamofire (3.1.2)
  - APIKit (2.0.0):
    - Alamofire
    - BrightFutures
  - BrightFutures (3.1.2):
    - Result (= 0.6.0-beta.6)
  - Result (0.6.0-beta.6)

DEPENDENCIES:
  - APIKit

SPEC CHECKSUMS:
  Alamofire: 7c16ca65f3c7e681fd925fd7f2dec7747ff96855
  APIKit: cb68c140a8be51a274bb1bda94a8154ed9bd4033
  BrightFutures: 6b4b299decee4c3775a9e7188d1ecec55262e09c
  Result: dc390d0b58f9ec43fcd536f1ebdd130803cc6cbc

COCOAPODS: 0.39.0
