// !$*UTF8*$!
{
	archiveVersion = 1;
	classes = {
	};
	objectVersion = 46;
	objects = {

/* Begin PBXBuildFile section */
		D9194A251B288FBC00E4D916 /* AppDelegate.swift in Sources */ = {isa = PBXBuildFile; fileRef = D9194A241B288FBC00E4D916 /* AppDelegate.swift */; };
		D9194A2A1B288FBC00E4D916 /* Main.storyboard in Resources */ = {isa = PBXBuildFile; fileRef = D9194A281B288FBC00E4D916 /* Main.storyboard */; };
		D9194A2C1B288FBC00E4D916 /* Images.xcassets in Resources */ = {isa = PBXBuildFile; fileRef = D9194A2B1B288FBC00E4D916 /* Images.xcassets */; };
		D9194A2F1B288FBC00E4D916 /* LaunchScreen.xib in Resources */ = {isa = PBXBuildFile; fileRef = D9194A2D1B288FBC00E4D916 /* LaunchScreen.xib */; };
		D9194A3B1B288FBC00E4D916 /* QiitaKitDemoTests.swift in Sources */ = {isa = PBXBuildFile; fileRef = D9194A3A1B288FBC00E4D916 /* QiitaKitDemoTests.swift */; };
		D9194A461B28903400E4D916 /* QiitaKit.framework in Frameworks */ = {isa = PBXBuildFile; fileRef = D924E1DA1B25E1970025C5E9 /* QiitaKit.framework */; };
		D9194A471B28903400E4D916 /* QiitaKit.framework in Embed Frameworks */ = {isa = PBXBuildFile; fileRef = D924E1DA1B25E1970025C5E9 /* QiitaKit.framework */; settings = {ATTRIBUTES = (CodeSignOnCopy, RemoveHeadersOnCopy, ); }; };
		D9194A4B1B28903A00E4D916 /* Alamofire.framework in Frameworks */ = {isa = PBXBuildFile; fileRef = D924E1FB1B25E5380025C5E9 /* Alamofire.framework */; };
		D9194A4C1B28903A00E4D916 /* Alamofire.framework in Embed Frameworks */ = {isa = PBXBuildFile; fileRef = D924E1FB1B25E5380025C5E9 /* Alamofire.framework */; settings = {ATTRIBUTES = (CodeSignOnCopy, RemoveHeadersOnCopy, ); }; };
		D9194A4D1B28903A00E4D916 /* APIKit.framework in Frameworks */ = {isa = PBXBuildFile; fileRef = D924E1FC1B25E5380025C5E9 /* APIKit.framework */; };
		D9194A4E1B28903A00E4D916 /* APIKit.framework in Embed Frameworks */ = {isa = PBXBuildFile; fileRef = D924E1FC1B25E5380025C5E9 /* APIKit.framework */; settings = {ATTRIBUTES = (CodeSignOnCopy, RemoveHeadersOnCopy, ); }; };
		D9194A4F1B28903A00E4D916 /* BrightFutures.framework in Frameworks */ = {isa = PBXBuildFile; fileRef = D924E1FD1B25E5380025C5E9 /* BrightFutures.framework */; };
		D9194A501B28903A00E4D916 /* BrightFutures.framework in Embed Frameworks */ = {isa = PBXBuildFile; fileRef = D924E1FD1B25E5380025C5E9 /* BrightFutures.framework */; settings = {ATTRIBUTES = (CodeSignOnCopy, RemoveHeadersOnCopy, ); }; };
		D9194A551B2B3A4F00E4D916 /* dotenv.swift in Sources */ = {isa = PBXBuildFile; fileRef = D9194A541B2B3A4F00E4D916 /* dotenv.swift */; };
		D9194A5C1B2C66A700E4D916 /* LayoutKit.framework in Frameworks */ = {isa = PBXBuildFile; fileRef = D9194A5A1B2C669700E4D916 /* LayoutKit.framework */; };
		D9194A5D1B2C66A700E4D916 /* LayoutKit.framework in Embed Frameworks */ = {isa = PBXBuildFile; fileRef = D9194A5A1B2C669700E4D916 /* LayoutKit.framework */; settings = {ATTRIBUTES = (CodeSignOnCopy, RemoveHeadersOnCopy, ); }; };
		D9194A5E1B2C66A700E4D916 /* ToysBoxKit.framework in Frameworks */ = {isa = PBXBuildFile; fileRef = D9194A5B1B2C669700E4D916 /* ToysBoxKit.framework */; };
		D9194A5F1B2C66A700E4D916 /* ToysBoxKit.framework in Embed Frameworks */ = {isa = PBXBuildFile; fileRef = D9194A5B1B2C669700E4D916 /* ToysBoxKit.framework */; settings = {ATTRIBUTES = (CodeSignOnCopy, RemoveHeadersOnCopy, ); }; };
		D9194A621B2C680D00E4D916 /* TopViewController.swift in Sources */ = {isa = PBXBuildFile; fileRef = D9194A611B2C680D00E4D916 /* TopViewController.swift */; };
		D9194A6F1B2C7DED00E4D916 /* AccessTokenViewController.swift in Sources */ = {isa = PBXBuildFile; fileRef = D9194A6E1B2C7DED00E4D916 /* AccessTokenViewController.swift */; };
		D9194A711B2C845500E4D916 /* AuthenticatedUserViewController.swift in Sources */ = {isa = PBXBuildFile; fileRef = D9194A701B2C845500E4D916 /* AuthenticatedUserViewController.swift */; };
		D9194AA81B2C88C300E4D916 /* MaterialKit.framework in Frameworks */ = {isa = PBXBuildFile; fileRef = D9194AA71B2C88AE00E4D916 /* MaterialKit.framework */; };
		D9194AA91B2C88C300E4D916 /* MaterialKit.framework in Embed Frameworks */ = {isa = PBXBuildFile; fileRef = D9194AA71B2C88AE00E4D916 /* MaterialKit.framework */; settings = {ATTRIBUTES = (CodeSignOnCopy, RemoveHeadersOnCopy, ); }; };
		D924E1E01B25E1970025C5E9 /* QiitaKit.h in Headers */ = {isa = PBXBuildFile; fileRef = D924E1DF1B25E1970025C5E9 /* QiitaKit.h */; settings = {ATTRIBUTES = (Public, ); }; };
		D924E1E61B25E1970025C5E9 /* QiitaKit.framework in Frameworks */ = {isa = PBXBuildFile; fileRef = D924E1DA1B25E1970025C5E9 /* QiitaKit.framework */; };
		D924E1ED1B25E1970025C5E9 /* QiitaKitTests.swift in Sources */ = {isa = PBXBuildFile; fileRef = D924E1EC1B25E1970025C5E9 /* QiitaKitTests.swift */; };
		D924E1F81B25E2560025C5E9 /* QiitaKit.swift in Sources */ = {isa = PBXBuildFile; fileRef = D924E1F71B25E2560025C5E9 /* QiitaKit.swift */; };
		D924E1F91B25E2560025C5E9 /* QiitaKit.swift in Sources */ = {isa = PBXBuildFile; fileRef = D924E1F71B25E2560025C5E9 /* QiitaKit.swift */; };
		D924E1FF1B25E5380025C5E9 /* Alamofire.framework in Frameworks */ = {isa = PBXBuildFile; fileRef = D924E1FB1B25E5380025C5E9 /* Alamofire.framework */; };
		D924E2001B25E5380025C5E9 /* Alamofire.framework in Frameworks */ = {isa = PBXBuildFile; fileRef = D924E1FB1B25E5380025C5E9 /* Alamofire.framework */; };
		D924E2011B25E5380025C5E9 /* APIKit.framework in Frameworks */ = {isa = PBXBuildFile; fileRef = D924E1FC1B25E5380025C5E9 /* APIKit.framework */; };
		D924E2021B25E5380025C5E9 /* APIKit.framework in Frameworks */ = {isa = PBXBuildFile; fileRef = D924E1FC1B25E5380025C5E9 /* APIKit.framework */; };
		D924E2031B25E5380025C5E9 /* BrightFutures.framework in Frameworks */ = {isa = PBXBuildFile; fileRef = D924E1FD1B25E5380025C5E9 /* BrightFutures.framework */; };
		D924E2041B25E5380025C5E9 /* BrightFutures.framework in Frameworks */ = {isa = PBXBuildFile; fileRef = D924E1FD1B25E5380025C5E9 /* BrightFutures.framework */; };
		D924E2141B260A3B0025C5E9 /* AccessToken.swift in Sources */ = {isa = PBXBuildFile; fileRef = D924E2091B260A3B0025C5E9 /* AccessToken.swift */; };
		D924E2151B260A3B0025C5E9 /* AccessToken.swift in Sources */ = {isa = PBXBuildFile; fileRef = D924E2091B260A3B0025C5E9 /* AccessToken.swift */; };
		D924E2161B260A3B0025C5E9 /* AuthenticatedUser.swift in Sources */ = {isa = PBXBuildFile; fileRef = D924E20A1B260A3B0025C5E9 /* AuthenticatedUser.swift */; };
		D924E2171B260A3B0025C5E9 /* AuthenticatedUser.swift in Sources */ = {isa = PBXBuildFile; fileRef = D924E20A1B260A3B0025C5E9 /* AuthenticatedUser.swift */; };
		D924E2181B260A3B0025C5E9 /* Comment.swift in Sources */ = {isa = PBXBuildFile; fileRef = D924E20B1B260A3B0025C5E9 /* Comment.swift */; };
		D924E2191B260A3B0025C5E9 /* Comment.swift in Sources */ = {isa = PBXBuildFile; fileRef = D924E20B1B260A3B0025C5E9 /* Comment.swift */; };
		D924E21A1B260A3B0025C5E9 /* ExpandedTemplate.swift in Sources */ = {isa = PBXBuildFile; fileRef = D924E20C1B260A3B0025C5E9 /* ExpandedTemplate.swift */; };
		D924E21B1B260A3B0025C5E9 /* ExpandedTemplate.swift in Sources */ = {isa = PBXBuildFile; fileRef = D924E20C1B260A3B0025C5E9 /* ExpandedTemplate.swift */; };
		D924E21C1B260A3B0025C5E9 /* Item.swift in Sources */ = {isa = PBXBuildFile; fileRef = D924E20D1B260A3B0025C5E9 /* Item.swift */; };
		D924E21D1B260A3B0025C5E9 /* Item.swift in Sources */ = {isa = PBXBuildFile; fileRef = D924E20D1B260A3B0025C5E9 /* Item.swift */; };
		D924E21E1B260A3B0025C5E9 /* Project.swift in Sources */ = {isa = PBXBuildFile; fileRef = D924E20E1B260A3B0025C5E9 /* Project.swift */; };
		D924E21F1B260A3B0025C5E9 /* Project.swift in Sources */ = {isa = PBXBuildFile; fileRef = D924E20E1B260A3B0025C5E9 /* Project.swift */; };
		D924E2201B260A3B0025C5E9 /* Tag.swift in Sources */ = {isa = PBXBuildFile; fileRef = D924E20F1B260A3B0025C5E9 /* Tag.swift */; };
		D924E2211B260A3B0025C5E9 /* Tag.swift in Sources */ = {isa = PBXBuildFile; fileRef = D924E20F1B260A3B0025C5E9 /* Tag.swift */; };
		D924E2221B260A3B0025C5E9 /* Tagging.swift in Sources */ = {isa = PBXBuildFile; fileRef = D924E2101B260A3B0025C5E9 /* Tagging.swift */; };
		D924E2231B260A3B0025C5E9 /* Tagging.swift in Sources */ = {isa = PBXBuildFile; fileRef = D924E2101B260A3B0025C5E9 /* Tagging.swift */; };
		D924E2241B260A3B0025C5E9 /* Team.swift in Sources */ = {isa = PBXBuildFile; fileRef = D924E2111B260A3B0025C5E9 /* Team.swift */; };
		D924E2251B260A3B0025C5E9 /* Team.swift in Sources */ = {isa = PBXBuildFile; fileRef = D924E2111B260A3B0025C5E9 /* Team.swift */; };
		D924E2261B260A3B0025C5E9 /* Template.swift in Sources */ = {isa = PBXBuildFile; fileRef = D924E2121B260A3B0025C5E9 /* Template.swift */; };
		D924E2271B260A3B0025C5E9 /* Template.swift in Sources */ = {isa = PBXBuildFile; fileRef = D924E2121B260A3B0025C5E9 /* Template.swift */; };
		D924E2281B260A3B0025C5E9 /* User.swift in Sources */ = {isa = PBXBuildFile; fileRef = D924E2131B260A3B0025C5E9 /* User.swift */; };
		D924E2291B260A3B0025C5E9 /* User.swift in Sources */ = {isa = PBXBuildFile; fileRef = D924E2131B260A3B0025C5E9 /* User.swift */; };
		D924E2781B2741F50025C5E9 /* DeleteAccessToken.swift in Sources */ = {isa = PBXBuildFile; fileRef = D924E23B1B2741F50025C5E9 /* DeleteAccessToken.swift */; };
		D924E2791B2741F50025C5E9 /* GetAuthenticatedUser.swift in Sources */ = {isa = PBXBuildFile; fileRef = D924E23D1B2741F50025C5E9 /* GetAuthenticatedUser.swift */; };
		D924E27A1B2741F50025C5E9 /* CreateItemComment.swift in Sources */ = {isa = PBXBuildFile; fileRef = D924E23F1B2741F50025C5E9 /* CreateItemComment.swift */; };
		D924E27B1B2741F50025C5E9 /* DeleteComment.swift in Sources */ = {isa = PBXBuildFile; fileRef = D924E2401B2741F50025C5E9 /* DeleteComment.swift */; };
		D924E27C1B2741F50025C5E9 /* GetComment.swift in Sources */ = {isa = PBXBuildFile; fileRef = D924E2411B2741F50025C5E9 /* GetComment.swift */; };
		D924E27D1B2741F50025C5E9 /* ListItemComments.swift in Sources */ = {isa = PBXBuildFile; fileRef = D924E2421B2741F50025C5E9 /* ListItemComments.swift */; };
		D924E27E1B2741F50025C5E9 /* ThankComment.swift in Sources */ = {isa = PBXBuildFile; fileRef = D924E2431B2741F50025C5E9 /* ThankComment.swift */; };
		D924E27F1B2741F50025C5E9 /* UnthankComment.swift in Sources */ = {isa = PBXBuildFile; fileRef = D924E2441B2741F50025C5E9 /* UnthankComment.swift */; };
		D924E2801B2741F50025C5E9 /* UpdateComment.swift in Sources */ = {isa = PBXBuildFile; fileRef = D924E2451B2741F50025C5E9 /* UpdateComment.swift */; };
		D924E2811B2741F50025C5E9 /* CreateExpandedTemplate.swift in Sources */ = {isa = PBXBuildFile; fileRef = D924E2471B2741F50025C5E9 /* CreateExpandedTemplate.swift */; };
		D924E2821B2741F50025C5E9 /* CreateItem.swift in Sources */ = {isa = PBXBuildFile; fileRef = D924E2491B2741F50025C5E9 /* CreateItem.swift */; };
		D924E2831B2741F50025C5E9 /* DeleteItem.swift in Sources */ = {isa = PBXBuildFile; fileRef = D924E24A1B2741F50025C5E9 /* DeleteItem.swift */; };
		D924E2841B2741F50025C5E9 /* GetItem.swift in Sources */ = {isa = PBXBuildFile; fileRef = D924E24B1B2741F50025C5E9 /* GetItem.swift */; };
		D924E2851B2741F50025C5E9 /* GetItemStock.swift in Sources */ = {isa = PBXBuildFile; fileRef = D924E24C1B2741F50025C5E9 /* GetItemStock.swift */; };
		D924E2861B2741F50025C5E9 /* LikeItem.swift in Sources */ = {isa = PBXBuildFile; fileRef = D924E24D1B2741F50025C5E9 /* LikeItem.swift */; };
		D924E2871B2741F50025C5E9 /* ListAuthenticatedUserItems.swift in Sources */ = {isa = PBXBuildFile; fileRef = D924E24E1B2741F50025C5E9 /* ListAuthenticatedUserItems.swift */; };
		D924E2881B2741F50025C5E9 /* ListItems.swift in Sources */ = {isa = PBXBuildFile; fileRef = D924E24F1B2741F50025C5E9 /* ListItems.swift */; };
		D924E2891B2741F50025C5E9 /* ListTagItems.swift in Sources */ = {isa = PBXBuildFile; fileRef = D924E2501B2741F50025C5E9 /* ListTagItems.swift */; };
		D924E28A1B2741F50025C5E9 /* ListUserItems.swift in Sources */ = {isa = PBXBuildFile; fileRef = D924E2511B2741F50025C5E9 /* ListUserItems.swift */; };
		D924E28B1B2741F50025C5E9 /* ListUserStocks.swift in Sources */ = {isa = PBXBuildFile; fileRef = D924E2521B2741F50025C5E9 /* ListUserStocks.swift */; };
		D924E28C1B2741F50025C5E9 /* StockItem.swift in Sources */ = {isa = PBXBuildFile; fileRef = D924E2531B2741F50025C5E9 /* StockItem.swift */; };
		D924E28D1B2741F50025C5E9 /* UnlikeItem.swift in Sources */ = {isa = PBXBuildFile; fileRef = D924E2541B2741F50025C5E9 /* UnlikeItem.swift */; };
		D924E28E1B2741F50025C5E9 /* UnstockItem.swift in Sources */ = {isa = PBXBuildFile; fileRef = D924E2551B2741F50025C5E9 /* UnstockItem.swift */; };
		D924E28F1B2741F50025C5E9 /* UpdateItem.swift in Sources */ = {isa = PBXBuildFile; fileRef = D924E2561B2741F50025C5E9 /* UpdateItem.swift */; };
		D924E2901B2741F50025C5E9 /* CreateProject.swift in Sources */ = {isa = PBXBuildFile; fileRef = D924E2581B2741F50025C5E9 /* CreateProject.swift */; };
		D924E2911B2741F50025C5E9 /* DeleteProject.swift in Sources */ = {isa = PBXBuildFile; fileRef = D924E2591B2741F50025C5E9 /* DeleteProject.swift */; };
		D924E2921B2741F50025C5E9 /* GetProject.swift in Sources */ = {isa = PBXBuildFile; fileRef = D924E25A1B2741F50025C5E9 /* GetProject.swift */; };
		D924E2931B2741F50025C5E9 /* ListProjects.swift in Sources */ = {isa = PBXBuildFile; fileRef = D924E25B1B2741F50025C5E9 /* ListProjects.swift */; };
		D924E2941B2741F50025C5E9 /* PatchProject.swift in Sources */ = {isa = PBXBuildFile; fileRef = D924E25C1B2741F50025C5E9 /* PatchProject.swift */; };
		D924E2951B2741F50025C5E9 /* FollowTag.swift in Sources */ = {isa = PBXBuildFile; fileRef = D924E25E1B2741F50025C5E9 /* FollowTag.swift */; };
		D924E2961B2741F50025C5E9 /* GetTag.swift in Sources */ = {isa = PBXBuildFile; fileRef = D924E25F1B2741F50025C5E9 /* GetTag.swift */; };
		D924E2971B2741F50025C5E9 /* GetTagFollowing.swift in Sources */ = {isa = PBXBuildFile; fileRef = D924E2601B2741F50025C5E9 /* GetTagFollowing.swift */; };
		D924E2981B2741F50025C5E9 /* ListTags.swift in Sources */ = {isa = PBXBuildFile; fileRef = D924E2611B2741F50025C5E9 /* ListTags.swift */; };
		D924E2991B2741F50025C5E9 /* ListUserFollowingTags.swift in Sources */ = {isa = PBXBuildFile; fileRef = D924E2621B2741F50025C5E9 /* ListUserFollowingTags.swift */; };
		D924E29A1B2741F50025C5E9 /* UnfollowTag.swift in Sources */ = {isa = PBXBuildFile; fileRef = D924E2631B2741F50025C5E9 /* UnfollowTag.swift */; };
		D924E29B1B2741F50025C5E9 /* CreateTagging.swift in Sources */ = {isa = PBXBuildFile; fileRef = D924E2651B2741F50025C5E9 /* CreateTagging.swift */; };
		D924E29C1B2741F50025C5E9 /* DeleteTagging.swift in Sources */ = {isa = PBXBuildFile; fileRef = D924E2661B2741F50025C5E9 /* DeleteTagging.swift */; };
		D924E29D1B2741F50025C5E9 /* ListTeams.swift in Sources */ = {isa = PBXBuildFile; fileRef = D924E2681B2741F50025C5E9 /* ListTeams.swift */; };
		D924E29E1B2741F50025C5E9 /* CreateTemplate.swift in Sources */ = {isa = PBXBuildFile; fileRef = D924E26A1B2741F50025C5E9 /* CreateTemplate.swift */; };
		D924E29F1B2741F50025C5E9 /* DeleteTemplate.swift in Sources */ = {isa = PBXBuildFile; fileRef = D924E26B1B2741F50025C5E9 /* DeleteTemplate.swift */; };
		D924E2A01B2741F50025C5E9 /* GetTemplate.swift in Sources */ = {isa = PBXBuildFile; fileRef = D924E26C1B2741F50025C5E9 /* GetTemplate.swift */; };
		D924E2A11B2741F50025C5E9 /* ListTemplates.swift in Sources */ = {isa = PBXBuildFile; fileRef = D924E26D1B2741F50025C5E9 /* ListTemplates.swift */; };
		D924E2A21B2741F50025C5E9 /* UpdateTemplate.swift in Sources */ = {isa = PBXBuildFile; fileRef = D924E26E1B2741F50025C5E9 /* UpdateTemplate.swift */; };
		D924E2A31B2741F50025C5E9 /* FollowUser.swift in Sources */ = {isa = PBXBuildFile; fileRef = D924E2701B2741F50025C5E9 /* FollowUser.swift */; };
		D924E2A41B2741F50025C5E9 /* GetUser.swift in Sources */ = {isa = PBXBuildFile; fileRef = D924E2711B2741F50025C5E9 /* GetUser.swift */; };
		D924E2A51B2741F50025C5E9 /* GetUserFollowing.swift in Sources */ = {isa = PBXBuildFile; fileRef = D924E2721B2741F50025C5E9 /* GetUserFollowing.swift */; };
		D924E2A61B2741F50025C5E9 /* ListItemStockers.swift in Sources */ = {isa = PBXBuildFile; fileRef = D924E2731B2741F50025C5E9 /* ListItemStockers.swift */; };
		D924E2A71B2741F50025C5E9 /* ListUserFollowees.swift in Sources */ = {isa = PBXBuildFile; fileRef = D924E2741B2741F50025C5E9 /* ListUserFollowees.swift */; };
		D924E2A81B2741F50025C5E9 /* ListUserFollowers.swift in Sources */ = {isa = PBXBuildFile; fileRef = D924E2751B2741F50025C5E9 /* ListUserFollowers.swift */; };
		D924E2A91B2741F50025C5E9 /* ListUsers.swift in Sources */ = {isa = PBXBuildFile; fileRef = D924E2761B2741F50025C5E9 /* ListUsers.swift */; };
		D924E2AA1B2741F50025C5E9 /* UnfollowUser.swift in Sources */ = {isa = PBXBuildFile; fileRef = D924E2771B2741F50025C5E9 /* UnfollowUser.swift */; };
		D924E2AC1B27420F0025C5E9 /* CreateAccessToken.swift in Sources */ = {isa = PBXBuildFile; fileRef = D924E2AB1B27420F0025C5E9 /* CreateAccessToken.swift */; };
		D94CEE011B2D423D003EFD0F /* ItemViewController.swift in Sources */ = {isa = PBXBuildFile; fileRef = D94CEE001B2D423D003EFD0F /* ItemViewController.swift */; };
		D94CEE031B2D6D5A003EFD0F /* ListItemViewController.swift in Sources */ = {isa = PBXBuildFile; fileRef = D94CEE021B2D6D5A003EFD0F /* ListItemViewController.swift */; };
		D9807F291B39C0A20031BD71 /* User+JSON.swift in Sources */ = {isa = PBXBuildFile; fileRef = D9807F281B39C0A20031BD71 /* User+JSON.swift */; };
		D9807F2B1B39C18C0031BD71 /* Tagging+JSON.swift in Sources */ = {isa = PBXBuildFile; fileRef = D9807F2A1B39C18C0031BD71 /* Tagging+JSON.swift */; };
		D9807F2D1B39C2B20031BD71 /* Item+JSON.swift in Sources */ = {isa = PBXBuildFile; fileRef = D9807F2C1B39C2B20031BD71 /* Item+JSON.swift */; };
		D9807F2F1B39C4E60031BD71 /* Comment+JSON.swift in Sources */ = {isa = PBXBuildFile; fileRef = D9807F2E1B39C4E60031BD71 /* Comment+JSON.swift */; };
		D9807F311B39C6040031BD71 /* AuthenticatedUser+JSON.swift in Sources */ = {isa = PBXBuildFile; fileRef = D9807F301B39C6040031BD71 /* AuthenticatedUser+JSON.swift */; };
		D9807F331B3B1ADD0031BD71 /* ExpandedTemplate+JSON.swift in Sources */ = {isa = PBXBuildFile; fileRef = D9807F321B3B1ADD0031BD71 /* ExpandedTemplate+JSON.swift */; };
		D9807F351B3B1C950031BD71 /* Template+JSON.swift in Sources */ = {isa = PBXBuildFile; fileRef = D9807F341B3B1C950031BD71 /* Template+JSON.swift */; };
		D9D8893F1B2F3A4E00433DAF /* LoggingKit.framework in Frameworks */ = {isa = PBXBuildFile; fileRef = D9D8893E1B2F3A3200433DAF /* LoggingKit.framework */; };
		D9D889401B2F3A4E00433DAF /* LoggingKit.framework in Embed Frameworks */ = {isa = PBXBuildFile; fileRef = D9D8893E1B2F3A3200433DAF /* LoggingKit.framework */; settings = {ATTRIBUTES = (CodeSignOnCopy, RemoveHeadersOnCopy, ); }; };
		D9D889421B308E8E00433DAF /* TagViewController.swift in Sources */ = {isa = PBXBuildFile; fileRef = D9D889411B308E8E00433DAF /* TagViewController.swift */; };
		D9D889441B31BB5200433DAF /* ListTagsViewController.swift in Sources */ = {isa = PBXBuildFile; fileRef = D9D889431B31BB5200433DAF /* ListTagsViewController.swift */; };
/* End PBXBuildFile section */

/* Begin PBXContainerItemProxy section */
		D9194A351B288FBC00E4D916 /* PBXContainerItemProxy */ = {
			isa = PBXContainerItemProxy;
			containerPortal = D924E1D11B25E1960025C5E9 /* Project object */;
			proxyType = 1;
			remoteGlobalIDString = D9194A1F1B288FBC00E4D916;
			remoteInfo = QiitaKitDemo;
		};
		D9194A481B28903400E4D916 /* PBXContainerItemProxy */ = {
			isa = PBXContainerItemProxy;
			containerPortal = D924E1D11B25E1960025C5E9 /* Project object */;
			proxyType = 1;
			remoteGlobalIDString = D924E1D91B25E1970025C5E9;
			remoteInfo = QiitaKit;
		};
		D924E1E71B25E1970025C5E9 /* PBXContainerItemProxy */ = {
			isa = PBXContainerItemProxy;
			containerPortal = D924E1D11B25E1960025C5E9 /* Project object */;
			proxyType = 1;
			remoteGlobalIDString = D924E1D91B25E1970025C5E9;
			remoteInfo = QiitaKit;
		};
/* End PBXContainerItemProxy section */

/* Begin PBXCopyFilesBuildPhase section */
		D9194A4A1B28903400E4D916 /* Embed Frameworks */ = {
			isa = PBXCopyFilesBuildPhase;
			buildActionMask = 2147483647;
			dstPath = "";
			dstSubfolderSpec = 10;
			files = (
				D9194AA91B2C88C300E4D916 /* MaterialKit.framework in Embed Frameworks */,
				D9194A4E1B28903A00E4D916 /* APIKit.framework in Embed Frameworks */,
				D9194A5D1B2C66A700E4D916 /* LayoutKit.framework in Embed Frameworks */,
				D9194A501B28903A00E4D916 /* BrightFutures.framework in Embed Frameworks */,
				D9194A471B28903400E4D916 /* QiitaKit.framework in Embed Frameworks */,
				D9194A5F1B2C66A700E4D916 /* ToysBoxKit.framework in Embed Frameworks */,
				D9194A4C1B28903A00E4D916 /* Alamofire.framework in Embed Frameworks */,
				D9D889401B2F3A4E00433DAF /* LoggingKit.framework in Embed Frameworks */,
			);
			name = "Embed Frameworks";
			runOnlyForDeploymentPostprocessing = 0;
		};
/* End PBXCopyFilesBuildPhase section */

/* Begin PBXFileReference section */
		D9194A201B288FBC00E4D916 /* QiitaKitDemo.app */ = {isa = PBXFileReference; explicitFileType = wrapper.application; includeInIndex = 0; path = QiitaKitDemo.app; sourceTree = BUILT_PRODUCTS_DIR; };
		D9194A231B288FBC00E4D916 /* Info.plist */ = {isa = PBXFileReference; lastKnownFileType = text.plist.xml; path = Info.plist; sourceTree = "<group>"; };
		D9194A241B288FBC00E4D916 /* AppDelegate.swift */ = {isa = PBXFileReference; lastKnownFileType = sourcecode.swift; path = AppDelegate.swift; sourceTree = "<group>"; };
		D9194A291B288FBC00E4D916 /* Base */ = {isa = PBXFileReference; lastKnownFileType = file.storyboard; name = Base; path = Base.lproj/Main.storyboard; sourceTree = "<group>"; };
		D9194A2B1B288FBC00E4D916 /* Images.xcassets */ = {isa = PBXFileReference; lastKnownFileType = folder.assetcatalog; path = Images.xcassets; sourceTree = "<group>"; };
		D9194A2E1B288FBC00E4D916 /* Base */ = {isa = PBXFileReference; lastKnownFileType = file.xib; name = Base; path = Base.lproj/LaunchScreen.xib; sourceTree = "<group>"; };
		D9194A341B288FBC00E4D916 /* QiitaKitDemoTests.xctest */ = {isa = PBXFileReference; explicitFileType = wrapper.cfbundle; includeInIndex = 0; path = QiitaKitDemoTests.xctest; sourceTree = BUILT_PRODUCTS_DIR; };
		D9194A391B288FBC00E4D916 /* Info.plist */ = {isa = PBXFileReference; lastKnownFileType = text.plist.xml; path = Info.plist; sourceTree = "<group>"; };
		D9194A3A1B288FBC00E4D916 /* QiitaKitDemoTests.swift */ = {isa = PBXFileReference; lastKnownFileType = sourcecode.swift; path = QiitaKitDemoTests.swift; sourceTree = "<group>"; };
		D9194A421B288FF800E4D916 /* QiitaKitDemo-Bridging-Header.h */ = {isa = PBXFileReference; lastKnownFileType = sourcecode.c.h; path = "QiitaKitDemo-Bridging-Header.h"; sourceTree = "<group>"; };
		D9194A541B2B3A4F00E4D916 /* dotenv.swift */ = {isa = PBXFileReference; fileEncoding = 4; lastKnownFileType = sourcecode.swift; path = dotenv.swift; sourceTree = "<group>"; };
		D9194A5A1B2C669700E4D916 /* LayoutKit.framework */ = {isa = PBXFileReference; lastKnownFileType = wrapper.framework; name = LayoutKit.framework; path = Carthage/Build/iOS/LayoutKit.framework; sourceTree = "<group>"; };
		D9194A5B1B2C669700E4D916 /* ToysBoxKit.framework */ = {isa = PBXFileReference; lastKnownFileType = wrapper.framework; name = ToysBoxKit.framework; path = Carthage/Build/iOS/ToysBoxKit.framework; sourceTree = "<group>"; };
		D9194A611B2C680D00E4D916 /* TopViewController.swift */ = {isa = PBXFileReference; fileEncoding = 4; lastKnownFileType = sourcecode.swift; path = TopViewController.swift; sourceTree = "<group>"; };
		D9194A6E1B2C7DED00E4D916 /* AccessTokenViewController.swift */ = {isa = PBXFileReference; fileEncoding = 4; lastKnownFileType = sourcecode.swift; path = AccessTokenViewController.swift; sourceTree = "<group>"; };
		D9194A701B2C845500E4D916 /* AuthenticatedUserViewController.swift */ = {isa = PBXFileReference; fileEncoding = 4; lastKnownFileType = sourcecode.swift; path = AuthenticatedUserViewController.swift; sourceTree = "<group>"; };
		D9194AA71B2C88AE00E4D916 /* MaterialKit.framework */ = {isa = PBXFileReference; lastKnownFileType = wrapper.framework; name = MaterialKit.framework; path = Carthage/Build/iOS/MaterialKit.framework; sourceTree = "<group>"; };
		D924E1DA1B25E1970025C5E9 /* QiitaKit.framework */ = {isa = PBXFileReference; explicitFileType = wrapper.framework; includeInIndex = 0; path = QiitaKit.framework; sourceTree = BUILT_PRODUCTS_DIR; };
		D924E1DE1B25E1970025C5E9 /* Info.plist */ = {isa = PBXFileReference; lastKnownFileType = text.plist.xml; path = Info.plist; sourceTree = "<group>"; };
		D924E1DF1B25E1970025C5E9 /* QiitaKit.h */ = {isa = PBXFileReference; lastKnownFileType = sourcecode.c.h; path = QiitaKit.h; sourceTree = "<group>"; };
		D924E1E51B25E1970025C5E9 /* QiitaKitTests.xctest */ = {isa = PBXFileReference; explicitFileType = wrapper.cfbundle; includeInIndex = 0; path = QiitaKitTests.xctest; sourceTree = BUILT_PRODUCTS_DIR; };
		D924E1EB1B25E1970025C5E9 /* Info.plist */ = {isa = PBXFileReference; lastKnownFileType = text.plist.xml; path = Info.plist; sourceTree = "<group>"; };
		D924E1EC1B25E1970025C5E9 /* QiitaKitTests.swift */ = {isa = PBXFileReference; lastKnownFileType = sourcecode.swift; path = QiitaKitTests.swift; sourceTree = "<group>"; };
		D924E1F71B25E2560025C5E9 /* QiitaKit.swift */ = {isa = PBXFileReference; fileEncoding = 4; lastKnownFileType = sourcecode.swift; name = QiitaKit.swift; path = src/QiitaKit.swift; sourceTree = "<group>"; };
		D924E1FB1B25E5380025C5E9 /* Alamofire.framework */ = {isa = PBXFileReference; lastKnownFileType = wrapper.framework; name = Alamofire.framework; path = Carthage/Build/iOS/Alamofire.framework; sourceTree = "<group>"; };
		D924E1FC1B25E5380025C5E9 /* APIKit.framework */ = {isa = PBXFileReference; lastKnownFileType = wrapper.framework; name = APIKit.framework; path = Carthage/Build/iOS/APIKit.framework; sourceTree = "<group>"; };
		D924E1FD1B25E5380025C5E9 /* BrightFutures.framework */ = {isa = PBXFileReference; lastKnownFileType = wrapper.framework; name = BrightFutures.framework; path = Carthage/Build/iOS/BrightFutures.framework; sourceTree = "<group>"; };
		D924E2091B260A3B0025C5E9 /* AccessToken.swift */ = {isa = PBXFileReference; fileEncoding = 4; lastKnownFileType = sourcecode.swift; path = AccessToken.swift; sourceTree = "<group>"; };
		D924E20A1B260A3B0025C5E9 /* AuthenticatedUser.swift */ = {isa = PBXFileReference; fileEncoding = 4; lastKnownFileType = sourcecode.swift; path = AuthenticatedUser.swift; sourceTree = "<group>"; };
		D924E20B1B260A3B0025C5E9 /* Comment.swift */ = {isa = PBXFileReference; fileEncoding = 4; lastKnownFileType = sourcecode.swift; path = Comment.swift; sourceTree = "<group>"; };
		D924E20C1B260A3B0025C5E9 /* ExpandedTemplate.swift */ = {isa = PBXFileReference; fileEncoding = 4; lastKnownFileType = sourcecode.swift; path = ExpandedTemplate.swift; sourceTree = "<group>"; };
		D924E20D1B260A3B0025C5E9 /* Item.swift */ = {isa = PBXFileReference; fileEncoding = 4; lastKnownFileType = sourcecode.swift; path = Item.swift; sourceTree = "<group>"; };
		D924E20E1B260A3B0025C5E9 /* Project.swift */ = {isa = PBXFileReference; fileEncoding = 4; lastKnownFileType = sourcecode.swift; path = Project.swift; sourceTree = "<group>"; };
		D924E20F1B260A3B0025C5E9 /* Tag.swift */ = {isa = PBXFileReference; fileEncoding = 4; lastKnownFileType = sourcecode.swift; path = Tag.swift; sourceTree = "<group>"; };
		D924E2101B260A3B0025C5E9 /* Tagging.swift */ = {isa = PBXFileReference; fileEncoding = 4; lastKnownFileType = sourcecode.swift; path = Tagging.swift; sourceTree = "<group>"; };
		D924E2111B260A3B0025C5E9 /* Team.swift */ = {isa = PBXFileReference; fileEncoding = 4; lastKnownFileType = sourcecode.swift; path = Team.swift; sourceTree = "<group>"; };
		D924E2121B260A3B0025C5E9 /* Template.swift */ = {isa = PBXFileReference; fileEncoding = 4; lastKnownFileType = sourcecode.swift; path = Template.swift; sourceTree = "<group>"; };
		D924E2131B260A3B0025C5E9 /* User.swift */ = {isa = PBXFileReference; fileEncoding = 4; lastKnownFileType = sourcecode.swift; path = User.swift; sourceTree = "<group>"; };
		D924E23B1B2741F50025C5E9 /* DeleteAccessToken.swift */ = {isa = PBXFileReference; fileEncoding = 4; lastKnownFileType = sourcecode.swift; path = DeleteAccessToken.swift; sourceTree = "<group>"; };
		D924E23D1B2741F50025C5E9 /* GetAuthenticatedUser.swift */ = {isa = PBXFileReference; fileEncoding = 4; lastKnownFileType = sourcecode.swift; path = GetAuthenticatedUser.swift; sourceTree = "<group>"; };
		D924E23F1B2741F50025C5E9 /* CreateItemComment.swift */ = {isa = PBXFileReference; fileEncoding = 4; lastKnownFileType = sourcecode.swift; path = CreateItemComment.swift; sourceTree = "<group>"; };
		D924E2401B2741F50025C5E9 /* DeleteComment.swift */ = {isa = PBXFileReference; fileEncoding = 4; lastKnownFileType = sourcecode.swift; path = DeleteComment.swift; sourceTree = "<group>"; };
		D924E2411B2741F50025C5E9 /* GetComment.swift */ = {isa = PBXFileReference; fileEncoding = 4; lastKnownFileType = sourcecode.swift; path = GetComment.swift; sourceTree = "<group>"; };
		D924E2421B2741F50025C5E9 /* ListItemComments.swift */ = {isa = PBXFileReference; fileEncoding = 4; lastKnownFileType = sourcecode.swift; path = ListItemComments.swift; sourceTree = "<group>"; };
		D924E2431B2741F50025C5E9 /* ThankComment.swift */ = {isa = PBXFileReference; fileEncoding = 4; lastKnownFileType = sourcecode.swift; path = ThankComment.swift; sourceTree = "<group>"; };
		D924E2441B2741F50025C5E9 /* UnthankComment.swift */ = {isa = PBXFileReference; fileEncoding = 4; lastKnownFileType = sourcecode.swift; path = UnthankComment.swift; sourceTree = "<group>"; };
		D924E2451B2741F50025C5E9 /* UpdateComment.swift */ = {isa = PBXFileReference; fileEncoding = 4; lastKnownFileType = sourcecode.swift; path = UpdateComment.swift; sourceTree = "<group>"; };
		D924E2471B2741F50025C5E9 /* CreateExpandedTemplate.swift */ = {isa = PBXFileReference; fileEncoding = 4; lastKnownFileType = sourcecode.swift; path = CreateExpandedTemplate.swift; sourceTree = "<group>"; };
		D924E2491B2741F50025C5E9 /* CreateItem.swift */ = {isa = PBXFileReference; fileEncoding = 4; lastKnownFileType = sourcecode.swift; path = CreateItem.swift; sourceTree = "<group>"; };
		D924E24A1B2741F50025C5E9 /* DeleteItem.swift */ = {isa = PBXFileReference; fileEncoding = 4; lastKnownFileType = sourcecode.swift; path = DeleteItem.swift; sourceTree = "<group>"; };
		D924E24B1B2741F50025C5E9 /* GetItem.swift */ = {isa = PBXFileReference; fileEncoding = 4; lastKnownFileType = sourcecode.swift; path = GetItem.swift; sourceTree = "<group>"; };
		D924E24C1B2741F50025C5E9 /* GetItemStock.swift */ = {isa = PBXFileReference; fileEncoding = 4; lastKnownFileType = sourcecode.swift; path = GetItemStock.swift; sourceTree = "<group>"; };
		D924E24D1B2741F50025C5E9 /* LikeItem.swift */ = {isa = PBXFileReference; fileEncoding = 4; lastKnownFileType = sourcecode.swift; path = LikeItem.swift; sourceTree = "<group>"; };
		D924E24E1B2741F50025C5E9 /* ListAuthenticatedUserItems.swift */ = {isa = PBXFileReference; fileEncoding = 4; lastKnownFileType = sourcecode.swift; path = ListAuthenticatedUserItems.swift; sourceTree = "<group>"; };
		D924E24F1B2741F50025C5E9 /* ListItems.swift */ = {isa = PBXFileReference; fileEncoding = 4; lastKnownFileType = sourcecode.swift; path = ListItems.swift; sourceTree = "<group>"; };
		D924E2501B2741F50025C5E9 /* ListTagItems.swift */ = {isa = PBXFileReference; fileEncoding = 4; lastKnownFileType = sourcecode.swift; path = ListTagItems.swift; sourceTree = "<group>"; };
		D924E2511B2741F50025C5E9 /* ListUserItems.swift */ = {isa = PBXFileReference; fileEncoding = 4; lastKnownFileType = sourcecode.swift; path = ListUserItems.swift; sourceTree = "<group>"; };
		D924E2521B2741F50025C5E9 /* ListUserStocks.swift */ = {isa = PBXFileReference; fileEncoding = 4; lastKnownFileType = sourcecode.swift; path = ListUserStocks.swift; sourceTree = "<group>"; };
		D924E2531B2741F50025C5E9 /* StockItem.swift */ = {isa = PBXFileReference; fileEncoding = 4; lastKnownFileType = sourcecode.swift; path = StockItem.swift; sourceTree = "<group>"; };
		D924E2541B2741F50025C5E9 /* UnlikeItem.swift */ = {isa = PBXFileReference; fileEncoding = 4; lastKnownFileType = sourcecode.swift; path = UnlikeItem.swift; sourceTree = "<group>"; };
		D924E2551B2741F50025C5E9 /* UnstockItem.swift */ = {isa = PBXFileReference; fileEncoding = 4; lastKnownFileType = sourcecode.swift; path = UnstockItem.swift; sourceTree = "<group>"; };
		D924E2561B2741F50025C5E9 /* UpdateItem.swift */ = {isa = PBXFileReference; fileEncoding = 4; lastKnownFileType = sourcecode.swift; path = UpdateItem.swift; sourceTree = "<group>"; };
		D924E2581B2741F50025C5E9 /* CreateProject.swift */ = {isa = PBXFileReference; fileEncoding = 4; lastKnownFileType = sourcecode.swift; path = CreateProject.swift; sourceTree = "<group>"; };
		D924E2591B2741F50025C5E9 /* DeleteProject.swift */ = {isa = PBXFileReference; fileEncoding = 4; lastKnownFileType = sourcecode.swift; path = DeleteProject.swift; sourceTree = "<group>"; };
		D924E25A1B2741F50025C5E9 /* GetProject.swift */ = {isa = PBXFileReference; fileEncoding = 4; lastKnownFileType = sourcecode.swift; path = GetProject.swift; sourceTree = "<group>"; };
		D924E25B1B2741F50025C5E9 /* ListProjects.swift */ = {isa = PBXFileReference; fileEncoding = 4; lastKnownFileType = sourcecode.swift; path = ListProjects.swift; sourceTree = "<group>"; };
		D924E25C1B2741F50025C5E9 /* PatchProject.swift */ = {isa = PBXFileReference; fileEncoding = 4; lastKnownFileType = sourcecode.swift; path = PatchProject.swift; sourceTree = "<group>"; };
		D924E25E1B2741F50025C5E9 /* FollowTag.swift */ = {isa = PBXFileReference; fileEncoding = 4; lastKnownFileType = sourcecode.swift; path = FollowTag.swift; sourceTree = "<group>"; };
		D924E25F1B2741F50025C5E9 /* GetTag.swift */ = {isa = PBXFileReference; fileEncoding = 4; lastKnownFileType = sourcecode.swift; path = GetTag.swift; sourceTree = "<group>"; };
		D924E2601B2741F50025C5E9 /* GetTagFollowing.swift */ = {isa = PBXFileReference; fileEncoding = 4; lastKnownFileType = sourcecode.swift; path = GetTagFollowing.swift; sourceTree = "<group>"; };
		D924E2611B2741F50025C5E9 /* ListTags.swift */ = {isa = PBXFileReference; fileEncoding = 4; lastKnownFileType = sourcecode.swift; path = ListTags.swift; sourceTree = "<group>"; };
		D924E2621B2741F50025C5E9 /* ListUserFollowingTags.swift */ = {isa = PBXFileReference; fileEncoding = 4; lastKnownFileType = sourcecode.swift; path = ListUserFollowingTags.swift; sourceTree = "<group>"; };
		D924E2631B2741F50025C5E9 /* UnfollowTag.swift */ = {isa = PBXFileReference; fileEncoding = 4; lastKnownFileType = sourcecode.swift; path = UnfollowTag.swift; sourceTree = "<group>"; };
		D924E2651B2741F50025C5E9 /* CreateTagging.swift */ = {isa = PBXFileReference; fileEncoding = 4; lastKnownFileType = sourcecode.swift; path = CreateTagging.swift; sourceTree = "<group>"; };
		D924E2661B2741F50025C5E9 /* DeleteTagging.swift */ = {isa = PBXFileReference; fileEncoding = 4; lastKnownFileType = sourcecode.swift; path = DeleteTagging.swift; sourceTree = "<group>"; };
		D924E2681B2741F50025C5E9 /* ListTeams.swift */ = {isa = PBXFileReference; fileEncoding = 4; lastKnownFileType = sourcecode.swift; path = ListTeams.swift; sourceTree = "<group>"; };
		D924E26A1B2741F50025C5E9 /* CreateTemplate.swift */ = {isa = PBXFileReference; fileEncoding = 4; lastKnownFileType = sourcecode.swift; path = CreateTemplate.swift; sourceTree = "<group>"; };
		D924E26B1B2741F50025C5E9 /* DeleteTemplate.swift */ = {isa = PBXFileReference; fileEncoding = 4; lastKnownFileType = sourcecode.swift; path = DeleteTemplate.swift; sourceTree = "<group>"; };
		D924E26C1B2741F50025C5E9 /* GetTemplate.swift */ = {isa = PBXFileReference; fileEncoding = 4; lastKnownFileType = sourcecode.swift; path = GetTemplate.swift; sourceTree = "<group>"; };
		D924E26D1B2741F50025C5E9 /* ListTemplates.swift */ = {isa = PBXFileReference; fileEncoding = 4; lastKnownFileType = sourcecode.swift; path = ListTemplates.swift; sourceTree = "<group>"; };
		D924E26E1B2741F50025C5E9 /* UpdateTemplate.swift */ = {isa = PBXFileReference; fileEncoding = 4; lastKnownFileType = sourcecode.swift; path = UpdateTemplate.swift; sourceTree = "<group>"; };
		D924E2701B2741F50025C5E9 /* FollowUser.swift */ = {isa = PBXFileReference; fileEncoding = 4; lastKnownFileType = sourcecode.swift; path = FollowUser.swift; sourceTree = "<group>"; };
		D924E2711B2741F50025C5E9 /* GetUser.swift */ = {isa = PBXFileReference; fileEncoding = 4; lastKnownFileType = sourcecode.swift; path = GetUser.swift; sourceTree = "<group>"; };
		D924E2721B2741F50025C5E9 /* GetUserFollowing.swift */ = {isa = PBXFileReference; fileEncoding = 4; lastKnownFileType = sourcecode.swift; path = GetUserFollowing.swift; sourceTree = "<group>"; };
		D924E2731B2741F50025C5E9 /* ListItemStockers.swift */ = {isa = PBXFileReference; fileEncoding = 4; lastKnownFileType = sourcecode.swift; path = ListItemStockers.swift; sourceTree = "<group>"; };
		D924E2741B2741F50025C5E9 /* ListUserFollowees.swift */ = {isa = PBXFileReference; fileEncoding = 4; lastKnownFileType = sourcecode.swift; path = ListUserFollowees.swift; sourceTree = "<group>"; };
		D924E2751B2741F50025C5E9 /* ListUserFollowers.swift */ = {isa = PBXFileReference; fileEncoding = 4; lastKnownFileType = sourcecode.swift; path = ListUserFollowers.swift; sourceTree = "<group>"; };
		D924E2761B2741F50025C5E9 /* ListUsers.swift */ = {isa = PBXFileReference; fileEncoding = 4; lastKnownFileType = sourcecode.swift; path = ListUsers.swift; sourceTree = "<group>"; };
		D924E2771B2741F50025C5E9 /* UnfollowUser.swift */ = {isa = PBXFileReference; fileEncoding = 4; lastKnownFileType = sourcecode.swift; path = UnfollowUser.swift; sourceTree = "<group>"; };
		D924E2AB1B27420F0025C5E9 /* CreateAccessToken.swift */ = {isa = PBXFileReference; fileEncoding = 4; lastKnownFileType = sourcecode.swift; path = CreateAccessToken.swift; sourceTree = "<group>"; };
		D94CEE001B2D423D003EFD0F /* ItemViewController.swift */ = {isa = PBXFileReference; fileEncoding = 4; lastKnownFileType = sourcecode.swift; path = ItemViewController.swift; sourceTree = "<group>"; };
		D94CEE021B2D6D5A003EFD0F /* ListItemViewController.swift */ = {isa = PBXFileReference; fileEncoding = 4; lastKnownFileType = sourcecode.swift; path = ListItemViewController.swift; sourceTree = "<group>"; };
		D9807F281B39C0A20031BD71 /* User+JSON.swift */ = {isa = PBXFileReference; fileEncoding = 4; lastKnownFileType = sourcecode.swift; path = "User+JSON.swift"; sourceTree = "<group>"; };
		D9807F2A1B39C18C0031BD71 /* Tagging+JSON.swift */ = {isa = PBXFileReference; fileEncoding = 4; lastKnownFileType = sourcecode.swift; path = "Tagging+JSON.swift"; sourceTree = "<group>"; };
		D9807F2C1B39C2B20031BD71 /* Item+JSON.swift */ = {isa = PBXFileReference; fileEncoding = 4; lastKnownFileType = sourcecode.swift; path = "Item+JSON.swift"; sourceTree = "<group>"; };
		D9807F2E1B39C4E60031BD71 /* Comment+JSON.swift */ = {isa = PBXFileReference; fileEncoding = 4; lastKnownFileType = sourcecode.swift; path = "Comment+JSON.swift"; sourceTree = "<group>"; };
		D9807F301B39C6040031BD71 /* AuthenticatedUser+JSON.swift */ = {isa = PBXFileReference; fileEncoding = 4; lastKnownFileType = sourcecode.swift; path = "AuthenticatedUser+JSON.swift"; sourceTree = "<group>"; };
		D9807F321B3B1ADD0031BD71 /* ExpandedTemplate+JSON.swift */ = {isa = PBXFileReference; fileEncoding = 4; lastKnownFileType = sourcecode.swift; path = "ExpandedTemplate+JSON.swift"; sourceTree = "<group>"; };
		D9807F341B3B1C950031BD71 /* Template+JSON.swift */ = {isa = PBXFileReference; fileEncoding = 4; lastKnownFileType = sourcecode.swift; path = "Template+JSON.swift"; sourceTree = "<group>"; };
		D9D8893E1B2F3A3200433DAF /* LoggingKit.framework */ = {isa = PBXFileReference; lastKnownFileType = wrapper.framework; name = LoggingKit.framework; path = Carthage/Build/iOS/LoggingKit.framework; sourceTree = "<group>"; };
		D9D889411B308E8E00433DAF /* TagViewController.swift */ = {isa = PBXFileReference; fileEncoding = 4; lastKnownFileType = sourcecode.swift; path = TagViewController.swift; sourceTree = "<group>"; };
		D9D889431B31BB5200433DAF /* ListTagsViewController.swift */ = {isa = PBXFileReference; fileEncoding = 4; lastKnownFileType = sourcecode.swift; path = ListTagsViewController.swift; sourceTree = "<group>"; };
/* End PBXFileReference section */

/* Begin PBXFrameworksBuildPhase section */
		D9194A1D1B288FBC00E4D916 /* Frameworks */ = {
			isa = PBXFrameworksBuildPhase;
			buildActionMask = 2147483647;
			files = (
				D9194AA81B2C88C300E4D916 /* MaterialKit.framework in Frameworks */,
				D9194A4D1B28903A00E4D916 /* APIKit.framework in Frameworks */,
				D9194A5C1B2C66A700E4D916 /* LayoutKit.framework in Frameworks */,
				D9194A4F1B28903A00E4D916 /* BrightFutures.framework in Frameworks */,
				D9194A461B28903400E4D916 /* QiitaKit.framework in Frameworks */,
				D9194A5E1B2C66A700E4D916 /* ToysBoxKit.framework in Frameworks */,
				D9194A4B1B28903A00E4D916 /* Alamofire.framework in Frameworks */,
				D9D8893F1B2F3A4E00433DAF /* LoggingKit.framework in Frameworks */,
			);
			runOnlyForDeploymentPostprocessing = 0;
		};
		D9194A311B288FBC00E4D916 /* Frameworks */ = {
			isa = PBXFrameworksBuildPhase;
			buildActionMask = 2147483647;
			files = (
			);
			runOnlyForDeploymentPostprocessing = 0;
		};
		D924E1D61B25E1970025C5E9 /* Frameworks */ = {
			isa = PBXFrameworksBuildPhase;
			buildActionMask = 2147483647;
			files = (
				D924E2031B25E5380025C5E9 /* BrightFutures.framework in Frameworks */,
				D924E2011B25E5380025C5E9 /* APIKit.framework in Frameworks */,
				D924E1FF1B25E5380025C5E9 /* Alamofire.framework in Frameworks */,
			);
			runOnlyForDeploymentPostprocessing = 0;
		};
		D924E1E21B25E1970025C5E9 /* Frameworks */ = {
			isa = PBXFrameworksBuildPhase;
			buildActionMask = 2147483647;
			files = (
				D924E2021B25E5380025C5E9 /* APIKit.framework in Frameworks */,
				D924E2041B25E5380025C5E9 /* BrightFutures.framework in Frameworks */,
				D924E1E61B25E1970025C5E9 /* QiitaKit.framework in Frameworks */,
				D924E2001B25E5380025C5E9 /* Alamofire.framework in Frameworks */,
			);
			runOnlyForDeploymentPostprocessing = 0;
		};
/* End PBXFrameworksBuildPhase section */

/* Begin PBXGroup section */
		D9194A211B288FBC00E4D916 /* QiitaKitDemo */ = {
			isa = PBXGroup;
			children = (
				D9194A601B2C679F00E4D916 /* ViewControllers */,
				D9194A241B288FBC00E4D916 /* AppDelegate.swift */,
				D9194A281B288FBC00E4D916 /* Main.storyboard */,
				D9194A2B1B288FBC00E4D916 /* Images.xcassets */,
				D9194A2D1B288FBC00E4D916 /* LaunchScreen.xib */,
				D9194A591B2C665E00E4D916 /* Frameworks */,
				D9194A221B288FBC00E4D916 /* Supporting Files */,
				D9194A421B288FF800E4D916 /* QiitaKitDemo-Bridging-Header.h */,
			);
			path = QiitaKitDemo;
			sourceTree = "<group>";
		};
		D9194A221B288FBC00E4D916 /* Supporting Files */ = {
			isa = PBXGroup;
			children = (
				D9194A541B2B3A4F00E4D916 /* dotenv.swift */,
				D9194A231B288FBC00E4D916 /* Info.plist */,
			);
			name = "Supporting Files";
			sourceTree = "<group>";
		};
		D9194A371B288FBC00E4D916 /* QiitaKitDemoTests */ = {
			isa = PBXGroup;
			children = (
				D9194A3A1B288FBC00E4D916 /* QiitaKitDemoTests.swift */,
				D9194A381B288FBC00E4D916 /* Supporting Files */,
			);
			path = QiitaKitDemoTests;
			sourceTree = "<group>";
		};
		D9194A381B288FBC00E4D916 /* Supporting Files */ = {
			isa = PBXGroup;
			children = (
				D9194A391B288FBC00E4D916 /* Info.plist */,
			);
			name = "Supporting Files";
			sourceTree = "<group>";
		};
		D9194A591B2C665E00E4D916 /* Frameworks */ = {
			isa = PBXGroup;
			children = (
				D9D8893E1B2F3A3200433DAF /* LoggingKit.framework */,
				D9194AA71B2C88AE00E4D916 /* MaterialKit.framework */,
				D9194A5A1B2C669700E4D916 /* LayoutKit.framework */,
				D9194A5B1B2C669700E4D916 /* ToysBoxKit.framework */,
			);
			name = Frameworks;
			sourceTree = "<group>";
		};
		D9194A601B2C679F00E4D916 /* ViewControllers */ = {
			isa = PBXGroup;
			children = (
				D9194A631B2C7BA100E4D916 /* AccessToken */,
				D9194A641B2C7BA800E4D916 /* AuthenticatedUser */,
				D9194A6D1B2C7BFA00E4D916 /* Comment */,
				D9194A6C1B2C7BF100E4D916 /* ExpandedTemplate */,
				D9194A6B1B2C7BE900E4D916 /* Item */,
				D9194A6A1B2C7BE100E4D916 /* Project */,
				D9194A691B2C7BD900E4D916 /* Tag */,
				D9194A681B2C7BD300E4D916 /* Tagging */,
				D9194A671B2C7BCD00E4D916 /* Team */,
				D9194A661B2C7BC600E4D916 /* Template */,
				D9194A651B2C7BBE00E4D916 /* User */,
				D9194A611B2C680D00E4D916 /* TopViewController.swift */,
			);
			path = ViewControllers;
			sourceTree = "<group>";
		};
		D9194A631B2C7BA100E4D916 /* AccessToken */ = {
			isa = PBXGroup;
			children = (
				D9194A6E1B2C7DED00E4D916 /* AccessTokenViewController.swift */,
			);
			name = AccessToken;
			sourceTree = "<group>";
		};
		D9194A641B2C7BA800E4D916 /* AuthenticatedUser */ = {
			isa = PBXGroup;
			children = (
				D9194A701B2C845500E4D916 /* AuthenticatedUserViewController.swift */,
			);
			name = AuthenticatedUser;
			sourceTree = "<group>";
		};
		D9194A651B2C7BBE00E4D916 /* User */ = {
			isa = PBXGroup;
			children = (
			);
			name = User;
			sourceTree = "<group>";
		};
		D9194A661B2C7BC600E4D916 /* Template */ = {
			isa = PBXGroup;
			children = (
			);
			name = Template;
			sourceTree = "<group>";
		};
		D9194A671B2C7BCD00E4D916 /* Team */ = {
			isa = PBXGroup;
			children = (
			);
			name = Team;
			sourceTree = "<group>";
		};
		D9194A681B2C7BD300E4D916 /* Tagging */ = {
			isa = PBXGroup;
			children = (
			);
			name = Tagging;
			sourceTree = "<group>";
		};
		D9194A691B2C7BD900E4D916 /* Tag */ = {
			isa = PBXGroup;
			children = (
				D9D889411B308E8E00433DAF /* TagViewController.swift */,
				D9D889431B31BB5200433DAF /* ListTagsViewController.swift */,
			);
			name = Tag;
			sourceTree = "<group>";
		};
		D9194A6A1B2C7BE100E4D916 /* Project */ = {
			isa = PBXGroup;
			children = (
			);
			name = Project;
			sourceTree = "<group>";
		};
		D9194A6B1B2C7BE900E4D916 /* Item */ = {
			isa = PBXGroup;
			children = (
				D94CEE001B2D423D003EFD0F /* ItemViewController.swift */,
				D94CEE021B2D6D5A003EFD0F /* ListItemViewController.swift */,
			);
			name = Item;
			sourceTree = "<group>";
		};
		D9194A6C1B2C7BF100E4D916 /* ExpandedTemplate */ = {
			isa = PBXGroup;
			children = (
			);
			name = ExpandedTemplate;
			sourceTree = "<group>";
		};
		D9194A6D1B2C7BFA00E4D916 /* Comment */ = {
			isa = PBXGroup;
			children = (
			);
			name = Comment;
			sourceTree = "<group>";
		};
		D924E1D01B25E1960025C5E9 = {
			isa = PBXGroup;
			children = (
				D924E1DC1B25E1970025C5E9 /* QiitaKit */,
				D924E1E91B25E1970025C5E9 /* QiitaKitTests */,
				D9194A211B288FBC00E4D916 /* QiitaKitDemo */,
				D9194A371B288FBC00E4D916 /* QiitaKitDemoTests */,
				D924E1FA1B25E4A20025C5E9 /* Frameworks */,
				D924E1DB1B25E1970025C5E9 /* Products */,
			);
			sourceTree = "<group>";
		};
		D924E1DB1B25E1970025C5E9 /* Products */ = {
			isa = PBXGroup;
			children = (
				D924E1DA1B25E1970025C5E9 /* QiitaKit.framework */,
				D924E1E51B25E1970025C5E9 /* QiitaKitTests.xctest */,
				D9194A201B288FBC00E4D916 /* QiitaKitDemo.app */,
				D9194A341B288FBC00E4D916 /* QiitaKitDemoTests.xctest */,
			);
			name = Products;
			sourceTree = "<group>";
		};
		D924E1DC1B25E1970025C5E9 /* QiitaKit */ = {
			isa = PBXGroup;
			children = (
				D924E1F61B25E2060025C5E9 /* src */,
				D924E1DF1B25E1970025C5E9 /* QiitaKit.h */,
				D924E1DD1B25E1970025C5E9 /* Supporting Files */,
			);
			path = QiitaKit;
			sourceTree = "<group>";
		};
		D924E1DD1B25E1970025C5E9 /* Supporting Files */ = {
			isa = PBXGroup;
			children = (
				D924E1DE1B25E1970025C5E9 /* Info.plist */,
			);
			name = "Supporting Files";
			sourceTree = "<group>";
		};
		D924E1E91B25E1970025C5E9 /* QiitaKitTests */ = {
			isa = PBXGroup;
			children = (
				D924E1EC1B25E1970025C5E9 /* QiitaKitTests.swift */,
				D924E1EA1B25E1970025C5E9 /* Supporting Files */,
			);
			path = QiitaKitTests;
			sourceTree = "<group>";
		};
		D924E1EA1B25E1970025C5E9 /* Supporting Files */ = {
			isa = PBXGroup;
			children = (
				D924E1EB1B25E1970025C5E9 /* Info.plist */,
			);
			name = "Supporting Files";
			sourceTree = "<group>";
		};
		D924E1F61B25E2060025C5E9 /* src */ = {
			isa = PBXGroup;
			children = (
				D9807F271B39C0600031BD71 /* Utility */,
				D924E2081B25E5FE0025C5E9 /* Entity */,
				D924E2071B25E5EE0025C5E9 /* Endpoint */,
				D924E1F71B25E2560025C5E9 /* QiitaKit.swift */,
			);
			name = src;
			sourceTree = "<group>";
		};
		D924E1FA1B25E4A20025C5E9 /* Frameworks */ = {
			isa = PBXGroup;
			children = (
				D924E1FB1B25E5380025C5E9 /* Alamofire.framework */,
				D924E1FC1B25E5380025C5E9 /* APIKit.framework */,
				D924E1FD1B25E5380025C5E9 /* BrightFutures.framework */,
			);
			name = Frameworks;
			sourceTree = "<group>";
		};
		D924E2071B25E5EE0025C5E9 /* Endpoint */ = {
			isa = PBXGroup;
			children = (
				D924E23A1B2741F50025C5E9 /* AccessToken */,
				D924E23C1B2741F50025C5E9 /* AuthenticatedUser */,
				D924E23E1B2741F50025C5E9 /* Comment */,
				D924E2461B2741F50025C5E9 /* ExpandedTemplate */,
				D924E2481B2741F50025C5E9 /* Item */,
				D924E2571B2741F50025C5E9 /* Project */,
				D924E25D1B2741F50025C5E9 /* Tag */,
				D924E2641B2741F50025C5E9 /* Tagging */,
				D924E2671B2741F50025C5E9 /* Team */,
				D924E2691B2741F50025C5E9 /* Template */,
				D924E26F1B2741F50025C5E9 /* User */,
			);
			name = Endpoint;
			path = src/Endpoint;
			sourceTree = "<group>";
		};
		D924E2081B25E5FE0025C5E9 /* Entity */ = {
			isa = PBXGroup;
			children = (
				D924E2091B260A3B0025C5E9 /* AccessToken.swift */,
				D924E20A1B260A3B0025C5E9 /* AuthenticatedUser.swift */,
				D924E20B1B260A3B0025C5E9 /* Comment.swift */,
				D924E20C1B260A3B0025C5E9 /* ExpandedTemplate.swift */,
				D924E20D1B260A3B0025C5E9 /* Item.swift */,
				D924E20E1B260A3B0025C5E9 /* Project.swift */,
				D924E20F1B260A3B0025C5E9 /* Tag.swift */,
				D924E2101B260A3B0025C5E9 /* Tagging.swift */,
				D924E2111B260A3B0025C5E9 /* Team.swift */,
				D924E2121B260A3B0025C5E9 /* Template.swift */,
				D924E2131B260A3B0025C5E9 /* User.swift */,
			);
			name = Entity;
			path = src/Entity;
			sourceTree = "<group>";
		};
		D924E23A1B2741F50025C5E9 /* AccessToken */ = {
			isa = PBXGroup;
			children = (
				D924E2AB1B27420F0025C5E9 /* CreateAccessToken.swift */,
				D924E23B1B2741F50025C5E9 /* DeleteAccessToken.swift */,
			);
			path = AccessToken;
			sourceTree = "<group>";
		};
		D924E23C1B2741F50025C5E9 /* AuthenticatedUser */ = {
			isa = PBXGroup;
			children = (
				D924E23D1B2741F50025C5E9 /* GetAuthenticatedUser.swift */,
			);
			path = AuthenticatedUser;
			sourceTree = "<group>";
		};
		D924E23E1B2741F50025C5E9 /* Comment */ = {
			isa = PBXGroup;
			children = (
				D924E23F1B2741F50025C5E9 /* CreateItemComment.swift */,
				D924E2401B2741F50025C5E9 /* DeleteComment.swift */,
				D924E2411B2741F50025C5E9 /* GetComment.swift */,
				D924E2421B2741F50025C5E9 /* ListItemComments.swift */,
				D924E2431B2741F50025C5E9 /* ThankComment.swift */,
				D924E2441B2741F50025C5E9 /* UnthankComment.swift */,
				D924E2451B2741F50025C5E9 /* UpdateComment.swift */,
			);
			path = Comment;
			sourceTree = "<group>";
		};
		D924E2461B2741F50025C5E9 /* ExpandedTemplate */ = {
			isa = PBXGroup;
			children = (
				D924E2471B2741F50025C5E9 /* CreateExpandedTemplate.swift */,
			);
			path = ExpandedTemplate;
			sourceTree = "<group>";
		};
		D924E2481B2741F50025C5E9 /* Item */ = {
			isa = PBXGroup;
			children = (
				D924E2491B2741F50025C5E9 /* CreateItem.swift */,
				D924E24A1B2741F50025C5E9 /* DeleteItem.swift */,
				D924E24B1B2741F50025C5E9 /* GetItem.swift */,
				D924E24C1B2741F50025C5E9 /* GetItemStock.swift */,
				D924E24D1B2741F50025C5E9 /* LikeItem.swift */,
				D924E24E1B2741F50025C5E9 /* ListAuthenticatedUserItems.swift */,
				D924E24F1B2741F50025C5E9 /* ListItems.swift */,
				D924E2501B2741F50025C5E9 /* ListTagItems.swift */,
				D924E2511B2741F50025C5E9 /* ListUserItems.swift */,
				D924E2521B2741F50025C5E9 /* ListUserStocks.swift */,
				D924E2531B2741F50025C5E9 /* StockItem.swift */,
				D924E2541B2741F50025C5E9 /* UnlikeItem.swift */,
				D924E2551B2741F50025C5E9 /* UnstockItem.swift */,
				D924E2561B2741F50025C5E9 /* UpdateItem.swift */,
			);
			path = Item;
			sourceTree = "<group>";
		};
		D924E2571B2741F50025C5E9 /* Project */ = {
			isa = PBXGroup;
			children = (
				D924E2581B2741F50025C5E9 /* CreateProject.swift */,
				D924E2591B2741F50025C5E9 /* DeleteProject.swift */,
				D924E25A1B2741F50025C5E9 /* GetProject.swift */,
				D924E25B1B2741F50025C5E9 /* ListProjects.swift */,
				D924E25C1B2741F50025C5E9 /* PatchProject.swift */,
			);
			path = Project;
			sourceTree = "<group>";
		};
		D924E25D1B2741F50025C5E9 /* Tag */ = {
			isa = PBXGroup;
			children = (
				D924E25E1B2741F50025C5E9 /* FollowTag.swift */,
				D924E25F1B2741F50025C5E9 /* GetTag.swift */,
				D924E2601B2741F50025C5E9 /* GetTagFollowing.swift */,
				D924E2611B2741F50025C5E9 /* ListTags.swift */,
				D924E2621B2741F50025C5E9 /* ListUserFollowingTags.swift */,
				D924E2631B2741F50025C5E9 /* UnfollowTag.swift */,
			);
			path = Tag;
			sourceTree = "<group>";
		};
		D924E2641B2741F50025C5E9 /* Tagging */ = {
			isa = PBXGroup;
			children = (
				D924E2651B2741F50025C5E9 /* CreateTagging.swift */,
				D924E2661B2741F50025C5E9 /* DeleteTagging.swift */,
			);
			path = Tagging;
			sourceTree = "<group>";
		};
		D924E2671B2741F50025C5E9 /* Team */ = {
			isa = PBXGroup;
			children = (
				D924E2681B2741F50025C5E9 /* ListTeams.swift */,
			);
			path = Team;
			sourceTree = "<group>";
		};
		D924E2691B2741F50025C5E9 /* Template */ = {
			isa = PBXGroup;
			children = (
				D924E26A1B2741F50025C5E9 /* CreateTemplate.swift */,
				D924E26B1B2741F50025C5E9 /* DeleteTemplate.swift */,
				D924E26C1B2741F50025C5E9 /* GetTemplate.swift */,
				D924E26D1B2741F50025C5E9 /* ListTemplates.swift */,
				D924E26E1B2741F50025C5E9 /* UpdateTemplate.swift */,
			);
			path = Template;
			sourceTree = "<group>";
		};
		D924E26F1B2741F50025C5E9 /* User */ = {
			isa = PBXGroup;
			children = (
				D924E2701B2741F50025C5E9 /* FollowUser.swift */,
				D924E2711B2741F50025C5E9 /* GetUser.swift */,
				D924E2721B2741F50025C5E9 /* GetUserFollowing.swift */,
				D924E2731B2741F50025C5E9 /* ListItemStockers.swift */,
				D924E2741B2741F50025C5E9 /* ListUserFollowees.swift */,
				D924E2751B2741F50025C5E9 /* ListUserFollowers.swift */,
				D924E2761B2741F50025C5E9 /* ListUsers.swift */,
				D924E2771B2741F50025C5E9 /* UnfollowUser.swift */,
			);
			path = User;
			sourceTree = "<group>";
		};
		D9807F271B39C0600031BD71 /* Utility */ = {
			isa = PBXGroup;
			children = (
				D9807F281B39C0A20031BD71 /* User+JSON.swift */,
				D9807F2A1B39C18C0031BD71 /* Tagging+JSON.swift */,
				D9807F2C1B39C2B20031BD71 /* Item+JSON.swift */,
				D9807F2E1B39C4E60031BD71 /* Comment+JSON.swift */,
				D9807F301B39C6040031BD71 /* AuthenticatedUser+JSON.swift */,
				D9807F321B3B1ADD0031BD71 /* ExpandedTemplate+JSON.swift */,
				D9807F341B3B1C950031BD71 /* Template+JSON.swift */,
			);
			name = Utility;
			path = src/Utility;
			sourceTree = "<group>";
		};
/* End PBXGroup section */

/* Begin PBXHeadersBuildPhase section */
		D924E1D71B25E1970025C5E9 /* Headers */ = {
			isa = PBXHeadersBuildPhase;
			buildActionMask = 2147483647;
			files = (
				D924E1E01B25E1970025C5E9 /* QiitaKit.h in Headers */,
			);
			runOnlyForDeploymentPostprocessing = 0;
		};
/* End PBXHeadersBuildPhase section */

/* Begin PBXNativeTarget section */
		D9194A1F1B288FBC00E4D916 /* QiitaKitDemo */ = {
			isa = PBXNativeTarget;
			buildConfigurationList = D9194A401B288FBC00E4D916 /* Build configuration list for PBXNativeTarget "QiitaKitDemo" */;
			buildPhases = (
				D9194A531B2B3A2000E4D916 /* ShellScript */,
				D9194A1C1B288FBC00E4D916 /* Sources */,
				D9194A1D1B288FBC00E4D916 /* Frameworks */,
				D9194A1E1B288FBC00E4D916 /* Resources */,
				D9194A4A1B28903400E4D916 /* Embed Frameworks */,
			);
			buildRules = (
			);
			dependencies = (
				D9194A491B28903400E4D916 /* PBXTargetDependency */,
			);
			name = QiitaKitDemo;
			productName = QiitaKitDemo;
			productReference = D9194A201B288FBC00E4D916 /* QiitaKitDemo.app */;
			productType = "com.apple.product-type.application";
		};
		D9194A331B288FBC00E4D916 /* QiitaKitDemoTests */ = {
			isa = PBXNativeTarget;
			buildConfigurationList = D9194A411B288FBC00E4D916 /* Build configuration list for PBXNativeTarget "QiitaKitDemoTests" */;
			buildPhases = (
				D9194A301B288FBC00E4D916 /* Sources */,
				D9194A311B288FBC00E4D916 /* Frameworks */,
				D9194A321B288FBC00E4D916 /* Resources */,
			);
			buildRules = (
			);
			dependencies = (
				D9194A361B288FBC00E4D916 /* PBXTargetDependency */,
			);
			name = QiitaKitDemoTests;
			productName = QiitaKitDemoTests;
			productReference = D9194A341B288FBC00E4D916 /* QiitaKitDemoTests.xctest */;
			productType = "com.apple.product-type.bundle.unit-test";
		};
		D924E1D91B25E1970025C5E9 /* QiitaKit */ = {
			isa = PBXNativeTarget;
			buildConfigurationList = D924E1F01B25E1970025C5E9 /* Build configuration list for PBXNativeTarget "QiitaKit" */;
			buildPhases = (
				D924E1D51B25E1970025C5E9 /* Sources */,
				D924E1D61B25E1970025C5E9 /* Frameworks */,
				D924E1D71B25E1970025C5E9 /* Headers */,
				D924E1D81B25E1970025C5E9 /* Resources */,
			);
			buildRules = (
			);
			dependencies = (
			);
			name = QiitaKit;
			productName = QiitaKit;
			productReference = D924E1DA1B25E1970025C5E9 /* QiitaKit.framework */;
			productType = "com.apple.product-type.framework";
		};
		D924E1E41B25E1970025C5E9 /* QiitaKitTests */ = {
			isa = PBXNativeTarget;
			buildConfigurationList = D924E1F31B25E1970025C5E9 /* Build configuration list for PBXNativeTarget "QiitaKitTests" */;
			buildPhases = (
				D924E1E11B25E1970025C5E9 /* Sources */,
				D924E1E21B25E1970025C5E9 /* Frameworks */,
				D924E1E31B25E1970025C5E9 /* Resources */,
			);
			buildRules = (
			);
			dependencies = (
				D924E1E81B25E1970025C5E9 /* PBXTargetDependency */,
			);
			name = QiitaKitTests;
			productName = QiitaKitTests;
			productReference = D924E1E51B25E1970025C5E9 /* QiitaKitTests.xctest */;
			productType = "com.apple.product-type.bundle.unit-test";
		};
/* End PBXNativeTarget section */

/* Begin PBXProject section */
		D924E1D11B25E1960025C5E9 /* Project object */ = {
			isa = PBXProject;
			attributes = {
				LastUpgradeCheck = 0630;
				ORGANIZATIONNAME = "林達也";
				TargetAttributes = {
					D9194A1F1B288FBC00E4D916 = {
						CreatedOnToolsVersion = 6.3.2;
					};
					D9194A331B288FBC00E4D916 = {
						CreatedOnToolsVersion = 6.3.2;
						TestTargetID = D9194A1F1B288FBC00E4D916;
					};
					D924E1D91B25E1970025C5E9 = {
						CreatedOnToolsVersion = 6.3.2;
					};
					D924E1E41B25E1970025C5E9 = {
						CreatedOnToolsVersion = 6.3.2;
					};
				};
			};
			buildConfigurationList = D924E1D41B25E1960025C5E9 /* Build configuration list for PBXProject "QiitaKit" */;
			compatibilityVersion = "Xcode 3.2";
			developmentRegion = English;
			hasScannedForEncodings = 0;
			knownRegions = (
				en,
				Base,
			);
			mainGroup = D924E1D01B25E1960025C5E9;
			productRefGroup = D924E1DB1B25E1970025C5E9 /* Products */;
			projectDirPath = "";
			projectRoot = "";
			targets = (
				D924E1D91B25E1970025C5E9 /* QiitaKit */,
				D924E1E41B25E1970025C5E9 /* QiitaKitTests */,
				D9194A1F1B288FBC00E4D916 /* QiitaKitDemo */,
				D9194A331B288FBC00E4D916 /* QiitaKitDemoTests */,
			);
		};
/* End PBXProject section */

/* Begin PBXResourcesBuildPhase section */
		D9194A1E1B288FBC00E4D916 /* Resources */ = {
			isa = PBXResourcesBuildPhase;
			buildActionMask = 2147483647;
			files = (
				D9194A2A1B288FBC00E4D916 /* Main.storyboard in Resources */,
				D9194A2F1B288FBC00E4D916 /* LaunchScreen.xib in Resources */,
				D9194A2C1B288FBC00E4D916 /* Images.xcassets in Resources */,
			);
			runOnlyForDeploymentPostprocessing = 0;
		};
		D9194A321B288FBC00E4D916 /* Resources */ = {
			isa = PBXResourcesBuildPhase;
			buildActionMask = 2147483647;
			files = (
			);
			runOnlyForDeploymentPostprocessing = 0;
		};
		D924E1D81B25E1970025C5E9 /* Resources */ = {
			isa = PBXResourcesBuildPhase;
			buildActionMask = 2147483647;
			files = (
			);
			runOnlyForDeploymentPostprocessing = 0;
		};
		D924E1E31B25E1970025C5E9 /* Resources */ = {
			isa = PBXResourcesBuildPhase;
			buildActionMask = 2147483647;
			files = (
			);
			runOnlyForDeploymentPostprocessing = 0;
		};
/* End PBXResourcesBuildPhase section */

/* Begin PBXShellScriptBuildPhase section */
		D9194A531B2B3A2000E4D916 /* ShellScript */ = {
			isa = PBXShellScriptBuildPhase;
			buildActionMask = 2147483647;
			files = (
			);
			inputPaths = (
			);
			outputPaths = (
			);
			runOnlyForDeploymentPostprocessing = 0;
			shellPath = /bin/sh;
			shellScript = "cd QiitaKitDemo\nruby ./dotenv.rb";
		};
/* End PBXShellScriptBuildPhase section */

/* Begin PBXSourcesBuildPhase section */
		D9194A1C1B288FBC00E4D916 /* Sources */ = {
			isa = PBXSourcesBuildPhase;
			buildActionMask = 2147483647;
			files = (
				D94CEE011B2D423D003EFD0F /* ItemViewController.swift in Sources */,
				D94CEE031B2D6D5A003EFD0F /* ListItemViewController.swift in Sources */,
				D9194A621B2C680D00E4D916 /* TopViewController.swift in Sources */,
				D9D889441B31BB5200433DAF /* ListTagsViewController.swift in Sources */,
				D9194A711B2C845500E4D916 /* AuthenticatedUserViewController.swift in Sources */,
				D9194A551B2B3A4F00E4D916 /* dotenv.swift in Sources */,
				D9D889421B308E8E00433DAF /* TagViewController.swift in Sources */,
				D9194A251B288FBC00E4D916 /* AppDelegate.swift in Sources */,
				D9194A6F1B2C7DED00E4D916 /* AccessTokenViewController.swift in Sources */,
			);
			runOnlyForDeploymentPostprocessing = 0;
		};
		D9194A301B288FBC00E4D916 /* Sources */ = {
			isa = PBXSourcesBuildPhase;
			buildActionMask = 2147483647;
			files = (
				D9194A3B1B288FBC00E4D916 /* QiitaKitDemoTests.swift in Sources */,
			);
			runOnlyForDeploymentPostprocessing = 0;
		};
		D924E1D51B25E1970025C5E9 /* Sources */ = {
			isa = PBXSourcesBuildPhase;
			buildActionMask = 2147483647;
			files = (
				D924E28D1B2741F50025C5E9 /* UnlikeItem.swift in Sources */,
				D924E2811B2741F50025C5E9 /* CreateExpandedTemplate.swift in Sources */,
				D924E29F1B2741F50025C5E9 /* DeleteTemplate.swift in Sources */,
				D924E28B1B2741F50025C5E9 /* ListUserStocks.swift in Sources */,
				D924E2931B2741F50025C5E9 /* ListProjects.swift in Sources */,
				D924E2A31B2741F50025C5E9 /* FollowUser.swift in Sources */,
				D924E2891B2741F50025C5E9 /* ListTagItems.swift in Sources */,
				D9807F311B39C6040031BD71 /* AuthenticatedUser+JSON.swift in Sources */,
				D924E2801B2741F50025C5E9 /* UpdateComment.swift in Sources */,
				D924E2AA1B2741F50025C5E9 /* UnfollowUser.swift in Sources */,
				D924E2201B260A3B0025C5E9 /* Tag.swift in Sources */,
				D9807F291B39C0A20031BD71 /* User+JSON.swift in Sources */,
				D924E2821B2741F50025C5E9 /* CreateItem.swift in Sources */,
				D924E2861B2741F50025C5E9 /* LikeItem.swift in Sources */,
				D924E1F81B25E2560025C5E9 /* QiitaKit.swift in Sources */,
				D924E28F1B2741F50025C5E9 /* UpdateItem.swift in Sources */,
				D924E2961B2741F50025C5E9 /* GetTag.swift in Sources */,
				D9807F351B3B1C950031BD71 /* Template+JSON.swift in Sources */,
				D924E2871B2741F50025C5E9 /* ListAuthenticatedUserItems.swift in Sources */,
				D924E2831B2741F50025C5E9 /* DeleteItem.swift in Sources */,
				D924E28A1B2741F50025C5E9 /* ListUserItems.swift in Sources */,
				D9807F2B1B39C18C0031BD71 /* Tagging+JSON.swift in Sources */,
				D924E29C1B2741F50025C5E9 /* DeleteTagging.swift in Sources */,
				D924E21A1B260A3B0025C5E9 /* ExpandedTemplate.swift in Sources */,
				D924E27A1B2741F50025C5E9 /* CreateItemComment.swift in Sources */,
				D924E27B1B2741F50025C5E9 /* DeleteComment.swift in Sources */,
				D924E2A71B2741F50025C5E9 /* ListUserFollowees.swift in Sources */,
				D924E2A51B2741F50025C5E9 /* GetUserFollowing.swift in Sources */,
				D9807F2D1B39C2B20031BD71 /* Item+JSON.swift in Sources */,
				D924E28C1B2741F50025C5E9 /* StockItem.swift in Sources */,
				D924E2AC1B27420F0025C5E9 /* CreateAccessToken.swift in Sources */,
				D924E29B1B2741F50025C5E9 /* CreateTagging.swift in Sources */,
				D924E2791B2741F50025C5E9 /* GetAuthenticatedUser.swift in Sources */,
				D924E2A11B2741F50025C5E9 /* ListTemplates.swift in Sources */,
				D924E27D1B2741F50025C5E9 /* ListItemComments.swift in Sources */,
				D924E27F1B2741F50025C5E9 /* UnthankComment.swift in Sources */,
				D924E2A01B2741F50025C5E9 /* GetTemplate.swift in Sources */,
				D924E2951B2741F50025C5E9 /* FollowTag.swift in Sources */,
				D924E2981B2741F50025C5E9 /* ListTags.swift in Sources */,
				D924E2A41B2741F50025C5E9 /* GetUser.swift in Sources */,
				D924E2781B2741F50025C5E9 /* DeleteAccessToken.swift in Sources */,
				D924E2161B260A3B0025C5E9 /* AuthenticatedUser.swift in Sources */,
				D924E2841B2741F50025C5E9 /* GetItem.swift in Sources */,
				D924E29E1B2741F50025C5E9 /* CreateTemplate.swift in Sources */,
				D924E2141B260A3B0025C5E9 /* AccessToken.swift in Sources */,
				D9807F331B3B1ADD0031BD71 /* ExpandedTemplate+JSON.swift in Sources */,
				D924E2911B2741F50025C5E9 /* DeleteProject.swift in Sources */,
				D924E21C1B260A3B0025C5E9 /* Item.swift in Sources */,
				D924E2A81B2741F50025C5E9 /* ListUserFollowers.swift in Sources */,
				D924E27E1B2741F50025C5E9 /* ThankComment.swift in Sources */,
				D924E21E1B260A3B0025C5E9 /* Project.swift in Sources */,
				D924E29D1B2741F50025C5E9 /* ListTeams.swift in Sources */,
				D924E2261B260A3B0025C5E9 /* Template.swift in Sources */,
				D924E2281B260A3B0025C5E9 /* User.swift in Sources */,
				D924E2941B2741F50025C5E9 /* PatchProject.swift in Sources */,
				D924E2A61B2741F50025C5E9 /* ListItemStockers.swift in Sources */,
				D924E2A21B2741F50025C5E9 /* UpdateTemplate.swift in Sources */,
				D924E2181B260A3B0025C5E9 /* Comment.swift in Sources */,
				D924E2881B2741F50025C5E9 /* ListItems.swift in Sources */,
				D924E2901B2741F50025C5E9 /* CreateProject.swift in Sources */,
				D924E2851B2741F50025C5E9 /* GetItemStock.swift in Sources */,
				D924E28E1B2741F50025C5E9 /* UnstockItem.swift in Sources */,
				D924E2241B260A3B0025C5E9 /* Team.swift in Sources */,
				D924E2991B2741F50025C5E9 /* ListUserFollowingTags.swift in Sources */,
				D924E29A1B2741F50025C5E9 /* UnfollowTag.swift in Sources */,
				D924E27C1B2741F50025C5E9 /* GetComment.swift in Sources */,
				D924E2971B2741F50025C5E9 /* GetTagFollowing.swift in Sources */,
				D924E2221B260A3B0025C5E9 /* Tagging.swift in Sources */,
				D9807F2F1B39C4E60031BD71 /* Comment+JSON.swift in Sources */,
				D924E2A91B2741F50025C5E9 /* ListUsers.swift in Sources */,
				D924E2921B2741F50025C5E9 /* GetProject.swift in Sources */,
			);
			runOnlyForDeploymentPostprocessing = 0;
		};
		D924E1E11B25E1970025C5E9 /* Sources */ = {
			isa = PBXSourcesBuildPhase;
			buildActionMask = 2147483647;
			files = (
				D924E2291B260A3B0025C5E9 /* User.swift in Sources */,
				D924E2191B260A3B0025C5E9 /* Comment.swift in Sources */,
				D924E2171B260A3B0025C5E9 /* AuthenticatedUser.swift in Sources */,
				D924E1ED1B25E1970025C5E9 /* QiitaKitTests.swift in Sources */,
				D924E1F91B25E2560025C5E9 /* QiitaKit.swift in Sources */,
				D924E21D1B260A3B0025C5E9 /* Item.swift in Sources */,
				D924E21B1B260A3B0025C5E9 /* ExpandedTemplate.swift in Sources */,
				D924E2211B260A3B0025C5E9 /* Tag.swift in Sources */,
				D924E2151B260A3B0025C5E9 /* AccessToken.swift in Sources */,
				D924E2251B260A3B0025C5E9 /* Team.swift in Sources */,
				D924E2271B260A3B0025C5E9 /* Template.swift in Sources */,
				D924E21F1B260A3B0025C5E9 /* Project.swift in Sources */,
				D924E2231B260A3B0025C5E9 /* Tagging.swift in Sources */,
			);
			runOnlyForDeploymentPostprocessing = 0;
		};
/* End PBXSourcesBuildPhase section */

/* Begin PBXTargetDependency section */
		D9194A361B288FBC00E4D916 /* PBXTargetDependency */ = {
			isa = PBXTargetDependency;
			target = D9194A1F1B288FBC00E4D916 /* QiitaKitDemo */;
			targetProxy = D9194A351B288FBC00E4D916 /* PBXContainerItemProxy */;
		};
		D9194A491B28903400E4D916 /* PBXTargetDependency */ = {
			isa = PBXTargetDependency;
			target = D924E1D91B25E1970025C5E9 /* QiitaKit */;
			targetProxy = D9194A481B28903400E4D916 /* PBXContainerItemProxy */;
		};
		D924E1E81B25E1970025C5E9 /* PBXTargetDependency */ = {
			isa = PBXTargetDependency;
			target = D924E1D91B25E1970025C5E9 /* QiitaKit */;
			targetProxy = D924E1E71B25E1970025C5E9 /* PBXContainerItemProxy */;
		};
/* End PBXTargetDependency section */

/* Begin PBXVariantGroup section */
		D9194A281B288FBC00E4D916 /* Main.storyboard */ = {
			isa = PBXVariantGroup;
			children = (
				D9194A291B288FBC00E4D916 /* Base */,
			);
			name = Main.storyboard;
			sourceTree = "<group>";
		};
		D9194A2D1B288FBC00E4D916 /* LaunchScreen.xib */ = {
			isa = PBXVariantGroup;
			children = (
				D9194A2E1B288FBC00E4D916 /* Base */,
			);
			name = LaunchScreen.xib;
			sourceTree = "<group>";
		};
/* End PBXVariantGroup section */

/* Begin XCBuildConfiguration section */
		D9194A3C1B288FBC00E4D916 /* Debug */ = {
			isa = XCBuildConfiguration;
			buildSettings = {
				ASSETCATALOG_COMPILER_APPICON_NAME = AppIcon;
				CLANG_ENABLE_MODULES = YES;
				FRAMEWORK_SEARCH_PATHS = (
					"$(inherited)",
					"$(PROJECT_DIR)/Carthage/Build/iOS",
					"$(PROJECT_DIR)/QiitaKitDemo/Carthage/Build/iOS",
				);
				GCC_PREPROCESSOR_DEFINITIONS = (
					"DEBUG=1",
					"$(inherited)",
				);
				INFOPLIST_FILE = QiitaKitDemo/Info.plist;
				LD_RUNPATH_SEARCH_PATHS = "$(inherited) @executable_path/Frameworks";
				PRODUCT_NAME = "$(TARGET_NAME)";
				SWIFT_OBJC_BRIDGING_HEADER = "QiitaKitDemo/QiitaKitDemo-Bridging-Header.h";
				SWIFT_OPTIMIZATION_LEVEL = "-Onone";
			};
			name = Debug;
		};
		D9194A3D1B288FBC00E4D916 /* Release */ = {
			isa = XCBuildConfiguration;
			buildSettings = {
				ASSETCATALOG_COMPILER_APPICON_NAME = AppIcon;
				CLANG_ENABLE_MODULES = YES;
				FRAMEWORK_SEARCH_PATHS = (
					"$(inherited)",
					"$(PROJECT_DIR)/Carthage/Build/iOS",
					"$(PROJECT_DIR)/QiitaKitDemo/Carthage/Build/iOS",
				);
				INFOPLIST_FILE = QiitaKitDemo/Info.plist;
				LD_RUNPATH_SEARCH_PATHS = "$(inherited) @executable_path/Frameworks";
				PRODUCT_NAME = "$(TARGET_NAME)";
				SWIFT_OBJC_BRIDGING_HEADER = "QiitaKitDemo/QiitaKitDemo-Bridging-Header.h";
			};
			name = Release;
		};
		D9194A3E1B288FBC00E4D916 /* Debug */ = {
			isa = XCBuildConfiguration;
			buildSettings = {
				BUNDLE_LOADER = "$(TEST_HOST)";
				FRAMEWORK_SEARCH_PATHS = (
					"$(SDKROOT)/Developer/Library/Frameworks",
					"$(inherited)",
				);
				GCC_PREPROCESSOR_DEFINITIONS = (
					"DEBUG=1",
					"$(inherited)",
				);
				INFOPLIST_FILE = QiitaKitDemoTests/Info.plist;
				LD_RUNPATH_SEARCH_PATHS = "$(inherited) @executable_path/Frameworks @loader_path/Frameworks";
				PRODUCT_NAME = "$(TARGET_NAME)";
				TEST_HOST = "$(BUILT_PRODUCTS_DIR)/QiitaKitDemo.app/QiitaKitDemo";
			};
			name = Debug;
		};
		D9194A3F1B288FBC00E4D916 /* Release */ = {
			isa = XCBuildConfiguration;
			buildSettings = {
				BUNDLE_LOADER = "$(TEST_HOST)";
				FRAMEWORK_SEARCH_PATHS = (
					"$(SDKROOT)/Developer/Library/Frameworks",
					"$(inherited)",
				);
				INFOPLIST_FILE = QiitaKitDemoTests/Info.plist;
				LD_RUNPATH_SEARCH_PATHS = "$(inherited) @executable_path/Frameworks @loader_path/Frameworks";
				PRODUCT_NAME = "$(TARGET_NAME)";
				TEST_HOST = "$(BUILT_PRODUCTS_DIR)/QiitaKitDemo.app/QiitaKitDemo";
			};
			name = Release;
		};
		D924E1EE1B25E1970025C5E9 /* Debug */ = {
			isa = XCBuildConfiguration;
			buildSettings = {
				ALWAYS_SEARCH_USER_PATHS = NO;
				CLANG_CXX_LANGUAGE_STANDARD = "gnu++0x";
				CLANG_CXX_LIBRARY = "libc++";
				CLANG_ENABLE_MODULES = YES;
				CLANG_ENABLE_OBJC_ARC = YES;
				CLANG_WARN_BOOL_CONVERSION = YES;
				CLANG_WARN_CONSTANT_CONVERSION = YES;
				CLANG_WARN_DIRECT_OBJC_ISA_USAGE = YES_ERROR;
				CLANG_WARN_EMPTY_BODY = YES;
				CLANG_WARN_ENUM_CONVERSION = YES;
				CLANG_WARN_INT_CONVERSION = YES;
				CLANG_WARN_OBJC_ROOT_CLASS = YES_ERROR;
				CLANG_WARN_UNREACHABLE_CODE = YES;
				CLANG_WARN__DUPLICATE_METHOD_MATCH = YES;
				"CODE_SIGN_IDENTITY[sdk=iphoneos*]" = "iPhone Developer";
				COPY_PHASE_STRIP = NO;
				CURRENT_PROJECT_VERSION = 1;
				DEBUG_INFORMATION_FORMAT = "dwarf-with-dsym";
				ENABLE_STRICT_OBJC_MSGSEND = YES;
				GCC_C_LANGUAGE_STANDARD = gnu99;
				GCC_DYNAMIC_NO_PIC = NO;
				GCC_NO_COMMON_BLOCKS = YES;
				GCC_OPTIMIZATION_LEVEL = 0;
				GCC_PREPROCESSOR_DEFINITIONS = (
					"DEBUG=1",
					"$(inherited)",
				);
				GCC_SYMBOLS_PRIVATE_EXTERN = NO;
				GCC_WARN_64_TO_32_BIT_CONVERSION = YES;
				GCC_WARN_ABOUT_RETURN_TYPE = YES_ERROR;
				GCC_WARN_UNDECLARED_SELECTOR = YES;
				GCC_WARN_UNINITIALIZED_AUTOS = YES_AGGRESSIVE;
				GCC_WARN_UNUSED_FUNCTION = YES;
				GCC_WARN_UNUSED_VARIABLE = YES;
				IPHONEOS_DEPLOYMENT_TARGET = 8.3;
				MTL_ENABLE_DEBUG_INFO = YES;
				ONLY_ACTIVE_ARCH = YES;
				SDKROOT = iphoneos;
				SWIFT_OPTIMIZATION_LEVEL = "-Onone";
				TARGETED_DEVICE_FAMILY = "1,2";
				VERSIONING_SYSTEM = "apple-generic";
				VERSION_INFO_PREFIX = "";
			};
			name = Debug;
		};
		D924E1EF1B25E1970025C5E9 /* Release */ = {
			isa = XCBuildConfiguration;
			buildSettings = {
				ALWAYS_SEARCH_USER_PATHS = NO;
				CLANG_CXX_LANGUAGE_STANDARD = "gnu++0x";
				CLANG_CXX_LIBRARY = "libc++";
				CLANG_ENABLE_MODULES = YES;
				CLANG_ENABLE_OBJC_ARC = YES;
				CLANG_WARN_BOOL_CONVERSION = YES;
				CLANG_WARN_CONSTANT_CONVERSION = YES;
				CLANG_WARN_DIRECT_OBJC_ISA_USAGE = YES_ERROR;
				CLANG_WARN_EMPTY_BODY = YES;
				CLANG_WARN_ENUM_CONVERSION = YES;
				CLANG_WARN_INT_CONVERSION = YES;
				CLANG_WARN_OBJC_ROOT_CLASS = YES_ERROR;
				CLANG_WARN_UNREACHABLE_CODE = YES;
				CLANG_WARN__DUPLICATE_METHOD_MATCH = YES;
				"CODE_SIGN_IDENTITY[sdk=iphoneos*]" = "iPhone Developer";
				COPY_PHASE_STRIP = NO;
				CURRENT_PROJECT_VERSION = 1;
				DEBUG_INFORMATION_FORMAT = "dwarf-with-dsym";
				ENABLE_NS_ASSERTIONS = NO;
				ENABLE_STRICT_OBJC_MSGSEND = YES;
				GCC_C_LANGUAGE_STANDARD = gnu99;
				GCC_NO_COMMON_BLOCKS = YES;
				GCC_WARN_64_TO_32_BIT_CONVERSION = YES;
				GCC_WARN_ABOUT_RETURN_TYPE = YES_ERROR;
				GCC_WARN_UNDECLARED_SELECTOR = YES;
				GCC_WARN_UNINITIALIZED_AUTOS = YES_AGGRESSIVE;
				GCC_WARN_UNUSED_FUNCTION = YES;
				GCC_WARN_UNUSED_VARIABLE = YES;
				IPHONEOS_DEPLOYMENT_TARGET = 8.3;
				MTL_ENABLE_DEBUG_INFO = NO;
				SDKROOT = iphoneos;
				TARGETED_DEVICE_FAMILY = "1,2";
				VALIDATE_PRODUCT = YES;
				VERSIONING_SYSTEM = "apple-generic";
				VERSION_INFO_PREFIX = "";
			};
			name = Release;
		};
		D924E1F11B25E1970025C5E9 /* Debug */ = {
			isa = XCBuildConfiguration;
			buildSettings = {
				CLANG_ENABLE_MODULES = YES;
				DEFINES_MODULE = YES;
				DYLIB_COMPATIBILITY_VERSION = 1;
				DYLIB_CURRENT_VERSION = 1;
				DYLIB_INSTALL_NAME_BASE = "@rpath";
				FRAMEWORK_SEARCH_PATHS = (
					"$(inherited)",
					"$(PROJECT_DIR)/Carthage/Build/iOS",
				);
				INFOPLIST_FILE = QiitaKit/Info.plist;
				INSTALL_PATH = "$(LOCAL_LIBRARY_DIR)/Frameworks";
				LD_RUNPATH_SEARCH_PATHS = "$(inherited) @executable_path/Frameworks @loader_path/Frameworks";
				PRODUCT_NAME = "$(TARGET_NAME)";
				SKIP_INSTALL = YES;
				SWIFT_OPTIMIZATION_LEVEL = "-Onone";
			};
			name = Debug;
		};
		D924E1F21B25E1970025C5E9 /* Release */ = {
			isa = XCBuildConfiguration;
			buildSettings = {
				CLANG_ENABLE_MODULES = YES;
				DEFINES_MODULE = YES;
				DYLIB_COMPATIBILITY_VERSION = 1;
				DYLIB_CURRENT_VERSION = 1;
				DYLIB_INSTALL_NAME_BASE = "@rpath";
				FRAMEWORK_SEARCH_PATHS = (
					"$(inherited)",
					"$(PROJECT_DIR)/Carthage/Build/iOS",
				);
				INFOPLIST_FILE = QiitaKit/Info.plist;
				INSTALL_PATH = "$(LOCAL_LIBRARY_DIR)/Frameworks";
				LD_RUNPATH_SEARCH_PATHS = "$(inherited) @executable_path/Frameworks @loader_path/Frameworks";
				PRODUCT_NAME = "$(TARGET_NAME)";
				SKIP_INSTALL = YES;
			};
			name = Release;
		};
		D924E1F41B25E1970025C5E9 /* Debug */ = {
			isa = XCBuildConfiguration;
			buildSettings = {
				FRAMEWORK_SEARCH_PATHS = (
					"$(SDKROOT)/Developer/Library/Frameworks",
					"$(inherited)",
					"$(PROJECT_DIR)/Carthage/Build/iOS",
				);
				GCC_PREPROCESSOR_DEFINITIONS = (
					"DEBUG=1",
					"$(inherited)",
				);
				INFOPLIST_FILE = QiitaKitTests/Info.plist;
				LD_RUNPATH_SEARCH_PATHS = "$(inherited) @executable_path/Frameworks @loader_path/Frameworks";
				PRODUCT_NAME = "$(TARGET_NAME)";
			};
			name = Debug;
		};
		D924E1F51B25E1970025C5E9 /* Release */ = {
			isa = XCBuildConfiguration;
			buildSettings = {
				FRAMEWORK_SEARCH_PATHS = (
					"$(SDKROOT)/Developer/Library/Frameworks",
					"$(inherited)",
					"$(PROJECT_DIR)/Carthage/Build/iOS",
				);
				INFOPLIST_FILE = QiitaKitTests/Info.plist;
				LD_RUNPATH_SEARCH_PATHS = "$(inherited) @executable_path/Frameworks @loader_path/Frameworks";
				PRODUCT_NAME = "$(TARGET_NAME)";
			};
			name = Release;
		};
/* End XCBuildConfiguration section */

/* Begin XCConfigurationList section */
		D9194A401B288FBC00E4D916 /* Build configuration list for PBXNativeTarget "QiitaKitDemo" */ = {
			isa = XCConfigurationList;
			buildConfigurations = (
				D9194A3C1B288FBC00E4D916 /* Debug */,
				D9194A3D1B288FBC00E4D916 /* Release */,
			);
			defaultConfigurationIsVisible = 0;
			defaultConfigurationName = Release;
		};
		D9194A411B288FBC00E4D916 /* Build configuration list for PBXNativeTarget "QiitaKitDemoTests" */ = {
			isa = XCConfigurationList;
			buildConfigurations = (
				D9194A3E1B288FBC00E4D916 /* Debug */,
				D9194A3F1B288FBC00E4D916 /* Release */,
			);
			defaultConfigurationIsVisible = 0;
			defaultConfigurationName = Release;
		};
		D924E1D41B25E1960025C5E9 /* Build configuration list for PBXProject "QiitaKit" */ = {
			isa = XCConfigurationList;
			buildConfigurations = (
				D924E1EE1B25E1970025C5E9 /* Debug */,
				D924E1EF1B25E1970025C5E9 /* Release */,
			);
			defaultConfigurationIsVisible = 0;
			defaultConfigurationName = Release;
		};
		D924E1F01B25E1970025C5E9 /* Build configuration list for PBXNativeTarget "QiitaKit" */ = {
			isa = XCConfigurationList;
			buildConfigurations = (
				D924E1F11B25E1970025C5E9 /* Debug */,
				D924E1F21B25E1970025C5E9 /* Release */,
			);
			defaultConfigurationIsVisible = 0;
			defaultConfigurationName = Release;
		};
		D924E1F31B25E1970025C5E9 /* Build configuration list for PBXNativeTarget "QiitaKitTests" */ = {
			isa = XCConfigurationList;
			buildConfigurations = (
				D924E1F41B25E1970025C5E9 /* Debug */,
				D924E1F51B25E1970025C5E9 /* Release */,
			);
			defaultConfigurationIsVisible = 0;
			defaultConfigurationName = Release;
		};
/* End XCConfigurationList section */
	};
	rootObject = D924E1D11B25E1960025C5E9 /* Project object */;
}
